// !$*UTF8*$!
{
	archiveVersion = 1;
	classes = {
	};
	objectVersion = 52;
	objects = {

/* Begin PBXBuildFile section */
		D056E4DA268A0F2A00539CCE /* AppDelegate.swift in Sources */ = {isa = PBXBuildFile; fileRef = D0EABDEA267F342D008CEC61 /* AppDelegate.swift */; };
		D056E4DB268A0F2A00539CCE /* SceneDelegate.swift in Sources */ = {isa = PBXBuildFile; fileRef = D0EABDEC267F342D008CEC61 /* SceneDelegate.swift */; };
		D056E4DD268A0F2A00539CCE /* RxRelay in Frameworks */ = {isa = PBXBuildFile; productRef = D056E4D1268A0F2A00539CCE /* RxRelay */; };
		D056E4DE268A0F2A00539CCE /* Overture in Frameworks */ = {isa = PBXBuildFile; productRef = D056E4D4268A0F2A00539CCE /* Overture */; };
		D056E4DF268A0F2A00539CCE /* SnapKit in Frameworks */ = {isa = PBXBuildFile; productRef = D056E4D6268A0F2A00539CCE /* SnapKit */; };
		D056E4E0268A0F2A00539CCE /* RxCocoa in Frameworks */ = {isa = PBXBuildFile; productRef = D056E4D2268A0F2A00539CCE /* RxCocoa */; };
		D056E4E1268A0F2A00539CCE /* RxSwift in Frameworks */ = {isa = PBXBuildFile; productRef = D056E4CF268A0F2A00539CCE /* RxSwift */; };
		D056E4E2268A0F2A00539CCE /* RxBlocking in Frameworks */ = {isa = PBXBuildFile; productRef = D056E4D3268A0F2A00539CCE /* RxBlocking */; };
		D056E4E4268A0F2A00539CCE /* LaunchScreen.storyboard in Resources */ = {isa = PBXBuildFile; fileRef = D0EABDF5267F342F008CEC61 /* LaunchScreen.storyboard */; };
		D056E4E5268A0F2A00539CCE /* Assets.xcassets in Resources */ = {isa = PBXBuildFile; fileRef = D0EABDF3267F342F008CEC61 /* Assets.xcassets */; };
		D056E4E6268A0F2A00539CCE /* Main.storyboard in Resources */ = {isa = PBXBuildFile; fileRef = D0EABDF0267F342D008CEC61 /* Main.storyboard */; };
		D056E4FF268A103E00539CCE /* ViewController.swift in Sources */ = {isa = PBXBuildFile; fileRef = D056E4FE268A103E00539CCE /* ViewController.swift */; };
		D056E505268A109000539CCE /* NetworkingService.swift in Sources */ = {isa = PBXBuildFile; fileRef = D056E504268A109000539CCE /* NetworkingService.swift */; };
		D056E50B268A206800539CCE /* Stateful.swift in Sources */ = {isa = PBXBuildFile; fileRef = D056E50A268A206800539CCE /* Stateful.swift */; };
		D056E511268A218700539CCE /* Stateless.swift in Sources */ = {isa = PBXBuildFile; fileRef = D056E510268A218700539CCE /* Stateless.swift */; };
		D056E522268A274E00539CCE /* AppDelegate.swift in Sources */ = {isa = PBXBuildFile; fileRef = D0EABDEA267F342D008CEC61 /* AppDelegate.swift */; };
		D056E523268A274E00539CCE /* SceneDelegate.swift in Sources */ = {isa = PBXBuildFile; fileRef = D0EABDEC267F342D008CEC61 /* SceneDelegate.swift */; };
		D056E525268A274E00539CCE /* RxRelay in Frameworks */ = {isa = PBXBuildFile; productRef = D056E519268A274E00539CCE /* RxRelay */; };
		D056E526268A274E00539CCE /* Overture in Frameworks */ = {isa = PBXBuildFile; productRef = D056E51C268A274E00539CCE /* Overture */; };
		D056E527268A274E00539CCE /* SnapKit in Frameworks */ = {isa = PBXBuildFile; productRef = D056E51E268A274E00539CCE /* SnapKit */; };
		D056E528268A274E00539CCE /* RxCocoa in Frameworks */ = {isa = PBXBuildFile; productRef = D056E51A268A274E00539CCE /* RxCocoa */; };
		D056E529268A274E00539CCE /* RxSwift in Frameworks */ = {isa = PBXBuildFile; productRef = D056E517268A274E00539CCE /* RxSwift */; };
		D056E52A268A274E00539CCE /* RxBlocking in Frameworks */ = {isa = PBXBuildFile; productRef = D056E51B268A274E00539CCE /* RxBlocking */; };
		D056E52C268A274E00539CCE /* LaunchScreen.storyboard in Resources */ = {isa = PBXBuildFile; fileRef = D0EABDF5267F342F008CEC61 /* LaunchScreen.storyboard */; };
		D056E52D268A274E00539CCE /* Assets.xcassets in Resources */ = {isa = PBXBuildFile; fileRef = D0EABDF3267F342F008CEC61 /* Assets.xcassets */; };
		D056E52E268A274E00539CCE /* Main.storyboard in Resources */ = {isa = PBXBuildFile; fileRef = D0EABDF0267F342D008CEC61 /* Main.storyboard */; };
		D056E545268A27FD00539CCE /* ViewController.swift in Sources */ = {isa = PBXBuildFile; fileRef = D056E544268A27FD00539CCE /* ViewController.swift */; };
		D0988BEF26982560004A6F7F /* CombiningObservablesVC.swift in Sources */ = {isa = PBXBuildFile; fileRef = D0988BEE26982560004A6F7F /* CombiningObservablesVC.swift */; };
		D0988C1826982BD5004A6F7F /* Charts in Frameworks */ = {isa = PBXBuildFile; productRef = D0988C1726982BD5004A6F7F /* Charts */; };
		D0CC733D268EC65000762804 /* AppDelegate.swift in Sources */ = {isa = PBXBuildFile; fileRef = D0EABDEA267F342D008CEC61 /* AppDelegate.swift */; };
		D0CC733F268EC65000762804 /* SceneDelegate.swift in Sources */ = {isa = PBXBuildFile; fileRef = D0EABDEC267F342D008CEC61 /* SceneDelegate.swift */; };
		D0CC7341268EC65000762804 /* RxRelay in Frameworks */ = {isa = PBXBuildFile; productRef = D0CC7335268EC65000762804 /* RxRelay */; };
		D0CC7342268EC65000762804 /* Overture in Frameworks */ = {isa = PBXBuildFile; productRef = D0CC7338268EC65000762804 /* Overture */; };
		D0CC7343268EC65000762804 /* SnapKit in Frameworks */ = {isa = PBXBuildFile; productRef = D0CC733A268EC65000762804 /* SnapKit */; };
		D0CC7344268EC65000762804 /* RxCocoa in Frameworks */ = {isa = PBXBuildFile; productRef = D0CC7336268EC65000762804 /* RxCocoa */; };
		D0CC7345268EC65000762804 /* RxSwift in Frameworks */ = {isa = PBXBuildFile; productRef = D0CC7333268EC65000762804 /* RxSwift */; };
		D0CC7346268EC65000762804 /* RxBlocking in Frameworks */ = {isa = PBXBuildFile; productRef = D0CC7337268EC65000762804 /* RxBlocking */; };
		D0CC7348268EC65000762804 /* LaunchScreen.storyboard in Resources */ = {isa = PBXBuildFile; fileRef = D0EABDF5267F342F008CEC61 /* LaunchScreen.storyboard */; };
		D0CC7349268EC65000762804 /* Assets.xcassets in Resources */ = {isa = PBXBuildFile; fileRef = D0EABDF3267F342F008CEC61 /* Assets.xcassets */; };
		D0CC734A268EC65000762804 /* Main.storyboard in Resources */ = {isa = PBXBuildFile; fileRef = D0EABDF0267F342D008CEC61 /* Main.storyboard */; };
		D0EABDEB267F342D008CEC61 /* AppDelegate.swift in Sources */ = {isa = PBXBuildFile; fileRef = D0EABDEA267F342D008CEC61 /* AppDelegate.swift */; };
		D0EABDED267F342D008CEC61 /* SceneDelegate.swift in Sources */ = {isa = PBXBuildFile; fileRef = D0EABDEC267F342D008CEC61 /* SceneDelegate.swift */; };
		D0EABDF2267F342D008CEC61 /* Main.storyboard in Resources */ = {isa = PBXBuildFile; fileRef = D0EABDF0267F342D008CEC61 /* Main.storyboard */; };
		D0EABDF4267F342F008CEC61 /* Assets.xcassets in Resources */ = {isa = PBXBuildFile; fileRef = D0EABDF3267F342F008CEC61 /* Assets.xcassets */; };
		D0EABDF7267F342F008CEC61 /* LaunchScreen.storyboard in Resources */ = {isa = PBXBuildFile; fileRef = D0EABDF5267F342F008CEC61 /* LaunchScreen.storyboard */; };
		D0EABE02267F3430008CEC61 /* CollectionPlaygroundsTests.swift in Sources */ = {isa = PBXBuildFile; fileRef = D0EABE01267F3430008CEC61 /* CollectionPlaygroundsTests.swift */; };
		D0EABE0D267F3430008CEC61 /* CollectionPlaygroundsUITests.swift in Sources */ = {isa = PBXBuildFile; fileRef = D0EABE0C267F3430008CEC61 /* CollectionPlaygroundsUITests.swift */; };
		D0EABE35267F36E0008CEC61 /* RxSwift in Frameworks */ = {isa = PBXBuildFile; productRef = D0EABE34267F36E0008CEC61 /* RxSwift */; };
		D0EABE39267F36E0008CEC61 /* RxRelay in Frameworks */ = {isa = PBXBuildFile; productRef = D0EABE38267F36E0008CEC61 /* RxRelay */; };
		D0EABE3B267F36E0008CEC61 /* RxCocoa in Frameworks */ = {isa = PBXBuildFile; productRef = D0EABE3A267F36E0008CEC61 /* RxCocoa */; };
		D0EABE3D267F36E0008CEC61 /* RxBlocking in Frameworks */ = {isa = PBXBuildFile; productRef = D0EABE3C267F36E0008CEC61 /* RxBlocking */; };
		D0EABE43267F3899008CEC61 /* Overture in Frameworks */ = {isa = PBXBuildFile; productRef = D0EABE42267F3899008CEC61 /* Overture */; };
		D0EABE49267F38CB008CEC61 /* SnapKit in Frameworks */ = {isa = PBXBuildFile; productRef = D0EABE48267F38CB008CEC61 /* SnapKit */; };
		D0FADDC32696D4BF00ABA40B /* ViewController.swift in Sources */ = {isa = PBXBuildFile; fileRef = D0EABDEE267F342D008CEC61 /* ViewController.swift */; };
		D0FADDCB2696DA8300ABA40B /* Extensions.swift in Sources */ = {isa = PBXBuildFile; fileRef = D0FADDCA2696DA8300ABA40B /* Extensions.swift */; };
/* End PBXBuildFile section */

/* Begin PBXContainerItemProxy section */
		D0EABDFE267F3430008CEC61 /* PBXContainerItemProxy */ = {
			isa = PBXContainerItemProxy;
			containerPortal = D0EABDDF267F342D008CEC61 /* Project object */;
			proxyType = 1;
			remoteGlobalIDString = D0EABDE6267F342D008CEC61;
			remoteInfo = CollectionPlaygrounds;
		};
		D0EABE09267F3430008CEC61 /* PBXContainerItemProxy */ = {
			isa = PBXContainerItemProxy;
			containerPortal = D0EABDDF267F342D008CEC61 /* Project object */;
			proxyType = 1;
			remoteGlobalIDString = D0EABDE6267F342D008CEC61;
			remoteInfo = CollectionPlaygrounds;
		};
/* End PBXContainerItemProxy section */

/* Begin PBXCopyFilesBuildPhase section */
		D0988C0B26982AC1004A6F7F /* Embed Frameworks */ = {
			isa = PBXCopyFilesBuildPhase;
			buildActionMask = 2147483647;
			dstPath = "";
			dstSubfolderSpec = 10;
			files = (
			);
			name = "Embed Frameworks";
			runOnlyForDeploymentPostprocessing = 0;
		};
/* End PBXCopyFilesBuildPhase section */

/* Begin PBXFileReference section */
		D0160F432697ED6500FC8F88 /* Materalize.swift */ = {isa = PBXFileReference; lastKnownFileType = sourcecode.swift; path = Materalize.swift; sourceTree = "<group>"; };
		D056E4EA268A0F2A00539CCE /* MonadNetworking.app */ = {isa = PBXFileReference; explicitFileType = wrapper.application; includeInIndex = 0; path = MonadNetworking.app; sourceTree = BUILT_PRODUCTS_DIR; };
		D056E4EF268A0F2A00539CCE /* CollectionPlaygrounds copy-Info.plist */ = {isa = PBXFileReference; lastKnownFileType = text.plist.xml; name = "CollectionPlaygrounds copy-Info.plist"; path = "/Users/nguyenductho/Documents/CollectionPlaygrounds/CollectionPlaygrounds/CollectionPlaygrounds copy-Info.plist"; sourceTree = "<absolute>"; };
		D056E4FE268A103E00539CCE /* ViewController.swift */ = {isa = PBXFileReference; lastKnownFileType = sourcecode.swift; path = ViewController.swift; sourceTree = "<group>"; };
		D056E504268A109000539CCE /* NetworkingService.swift */ = {isa = PBXFileReference; lastKnownFileType = sourcecode.swift; path = NetworkingService.swift; sourceTree = "<group>"; };
		D056E50A268A206800539CCE /* Stateful.swift */ = {isa = PBXFileReference; lastKnownFileType = sourcecode.swift; path = Stateful.swift; sourceTree = "<group>"; };
		D056E510268A218700539CCE /* Stateless.swift */ = {isa = PBXFileReference; lastKnownFileType = sourcecode.swift; path = Stateless.swift; sourceTree = "<group>"; };
		D056E532268A274E00539CCE /* BowWorkaround.app */ = {isa = PBXFileReference; explicitFileType = wrapper.application; includeInIndex = 0; path = BowWorkaround.app; sourceTree = BUILT_PRODUCTS_DIR; };
		D056E533268A274F00539CCE /* CollectionPlaygrounds copy2-Info.plist */ = {isa = PBXFileReference; lastKnownFileType = text.plist.xml; name = "CollectionPlaygrounds copy2-Info.plist"; path = "/Users/nguyenductho/Documents/CollectionPlaygrounds/CollectionPlaygrounds/CollectionPlaygrounds copy2-Info.plist"; sourceTree = "<absolute>"; };
		D056E544268A27FD00539CCE /* ViewController.swift */ = {isa = PBXFileReference; lastKnownFileType = sourcecode.swift; path = ViewController.swift; sourceTree = "<group>"; };
		D057A29A268D514400E2E8EF /* FP.playground */ = {isa = PBXFileReference; lastKnownFileType = file.playground; name = FP.playground; path = "../../../Library/Autosave Information/FP.playground"; sourceTree = "<group>"; xcLanguageSpecificationIdentifier = xcode.lang.swift; };
		D0988BEE26982560004A6F7F /* CombiningObservablesVC.swift */ = {isa = PBXFileReference; lastKnownFileType = sourcecode.swift; path = CombiningObservablesVC.swift; sourceTree = "<group>"; };
		D0CC72F6268EC62000762804 /* ViewController.swift */ = {isa = PBXFileReference; lastKnownFileType = sourcecode.swift; path = ViewController.swift; sourceTree = "<group>"; };
		D0CC731F268EC64700762804 /* RxSwiftTest copy-Info.plist */ = {isa = PBXFileReference; lastKnownFileType = text.plist.xml; name = "RxSwiftTest copy-Info.plist"; path = "/Users/nguyenductho/Documents/CollectionPlaygrounds/CollectionPlaygrounds/RxSwiftTest copy-Info.plist"; sourceTree = "<absolute>"; };
		D0CC734E268EC65000762804 /* RxSwiftWorkaround.app */ = {isa = PBXFileReference; explicitFileType = wrapper.application; includeInIndex = 0; path = RxSwiftWorkaround.app; sourceTree = BUILT_PRODUCTS_DIR; };
		D0CC734F268EC65000762804 /* BowWorkaround copy-Info.plist */ = {isa = PBXFileReference; lastKnownFileType = text.plist.xml; name = "BowWorkaround copy-Info.plist"; path = "/Users/nguyenductho/Documents/CollectionPlaygrounds/CollectionPlaygrounds/BowWorkaround copy-Info.plist"; sourceTree = "<absolute>"; };
		D0EABDE7267F342D008CEC61 /* BasicMVVM.app */ = {isa = PBXFileReference; explicitFileType = wrapper.application; includeInIndex = 0; path = BasicMVVM.app; sourceTree = BUILT_PRODUCTS_DIR; };
		D0EABDEA267F342D008CEC61 /* AppDelegate.swift */ = {isa = PBXFileReference; lastKnownFileType = sourcecode.swift; path = AppDelegate.swift; sourceTree = "<group>"; };
		D0EABDEC267F342D008CEC61 /* SceneDelegate.swift */ = {isa = PBXFileReference; lastKnownFileType = sourcecode.swift; path = SceneDelegate.swift; sourceTree = "<group>"; };
		D0EABDEE267F342D008CEC61 /* ViewController.swift */ = {isa = PBXFileReference; lastKnownFileType = sourcecode.swift; path = ViewController.swift; sourceTree = "<group>"; };
		D0EABDF1267F342D008CEC61 /* Base */ = {isa = PBXFileReference; lastKnownFileType = file.storyboard; name = Base; path = Base.lproj/Main.storyboard; sourceTree = "<group>"; };
		D0EABDF3267F342F008CEC61 /* Assets.xcassets */ = {isa = PBXFileReference; lastKnownFileType = folder.assetcatalog; path = Assets.xcassets; sourceTree = "<group>"; };
		D0EABDF6267F342F008CEC61 /* Base */ = {isa = PBXFileReference; lastKnownFileType = file.storyboard; name = Base; path = Base.lproj/LaunchScreen.storyboard; sourceTree = "<group>"; };
		D0EABDF8267F342F008CEC61 /* Info.plist */ = {isa = PBXFileReference; lastKnownFileType = text.plist.xml; path = Info.plist; sourceTree = "<group>"; };
		D0EABDFD267F3430008CEC61 /* CollectionPlaygroundsTests.xctest */ = {isa = PBXFileReference; explicitFileType = wrapper.cfbundle; includeInIndex = 0; path = CollectionPlaygroundsTests.xctest; sourceTree = BUILT_PRODUCTS_DIR; };
		D0EABE01267F3430008CEC61 /* CollectionPlaygroundsTests.swift */ = {isa = PBXFileReference; lastKnownFileType = sourcecode.swift; path = CollectionPlaygroundsTests.swift; sourceTree = "<group>"; };
		D0EABE03267F3430008CEC61 /* Info.plist */ = {isa = PBXFileReference; lastKnownFileType = text.plist.xml; path = Info.plist; sourceTree = "<group>"; };
		D0EABE08267F3430008CEC61 /* CollectionPlaygroundsUITests.xctest */ = {isa = PBXFileReference; explicitFileType = wrapper.cfbundle; includeInIndex = 0; path = CollectionPlaygroundsUITests.xctest; sourceTree = BUILT_PRODUCTS_DIR; };
		D0EABE0C267F3430008CEC61 /* CollectionPlaygroundsUITests.swift */ = {isa = PBXFileReference; lastKnownFileType = sourcecode.swift; path = CollectionPlaygroundsUITests.swift; sourceTree = "<group>"; };
		D0EABE0E267F3430008CEC61 /* Info.plist */ = {isa = PBXFileReference; lastKnownFileType = text.plist.xml; path = Info.plist; sourceTree = "<group>"; };
		D0FADDCA2696DA8300ABA40B /* Extensions.swift */ = {isa = PBXFileReference; lastKnownFileType = sourcecode.swift; path = Extensions.swift; sourceTree = "<group>"; };
		D0FADDD22696DAFA00ABA40B /* ViewControllerRx.swift */ = {isa = PBXFileReference; lastKnownFileType = sourcecode.swift; path = ViewControllerRx.swift; sourceTree = "<group>"; };
/* End PBXFileReference section */

/* Begin PBXFrameworksBuildPhase section */
		D056E4DC268A0F2A00539CCE /* Frameworks */ = {
			isa = PBXFrameworksBuildPhase;
			buildActionMask = 2147483647;
			files = (
				D056E4DD268A0F2A00539CCE /* RxRelay in Frameworks */,
				D056E4DE268A0F2A00539CCE /* Overture in Frameworks */,
				D056E4DF268A0F2A00539CCE /* SnapKit in Frameworks */,
				D056E4E0268A0F2A00539CCE /* RxCocoa in Frameworks */,
				D056E4E1268A0F2A00539CCE /* RxSwift in Frameworks */,
				D056E4E2268A0F2A00539CCE /* RxBlocking in Frameworks */,
			);
			runOnlyForDeploymentPostprocessing = 0;
		};
		D056E524268A274E00539CCE /* Frameworks */ = {
			isa = PBXFrameworksBuildPhase;
			buildActionMask = 2147483647;
			files = (
				D056E525268A274E00539CCE /* RxRelay in Frameworks */,
				D056E526268A274E00539CCE /* Overture in Frameworks */,
				D056E527268A274E00539CCE /* SnapKit in Frameworks */,
				D056E528268A274E00539CCE /* RxCocoa in Frameworks */,
				D056E529268A274E00539CCE /* RxSwift in Frameworks */,
				D056E52A268A274E00539CCE /* RxBlocking in Frameworks */,
			);
			runOnlyForDeploymentPostprocessing = 0;
		};
		D0CC7340268EC65000762804 /* Frameworks */ = {
			isa = PBXFrameworksBuildPhase;
			buildActionMask = 2147483647;
			files = (
				D0CC7341268EC65000762804 /* RxRelay in Frameworks */,
				D0CC7342268EC65000762804 /* Overture in Frameworks */,
				D0988C1826982BD5004A6F7F /* Charts in Frameworks */,
				D0CC7343268EC65000762804 /* SnapKit in Frameworks */,
				D0CC7344268EC65000762804 /* RxCocoa in Frameworks */,
				D0CC7345268EC65000762804 /* RxSwift in Frameworks */,
				D0CC7346268EC65000762804 /* RxBlocking in Frameworks */,
			);
			runOnlyForDeploymentPostprocessing = 0;
		};
		D0EABDE4267F342D008CEC61 /* Frameworks */ = {
			isa = PBXFrameworksBuildPhase;
			buildActionMask = 2147483647;
			files = (
				D0EABE39267F36E0008CEC61 /* RxRelay in Frameworks */,
				D0EABE43267F3899008CEC61 /* Overture in Frameworks */,
				D0EABE49267F38CB008CEC61 /* SnapKit in Frameworks */,
				D0EABE3B267F36E0008CEC61 /* RxCocoa in Frameworks */,
				D0EABE35267F36E0008CEC61 /* RxSwift in Frameworks */,
				D0EABE3D267F36E0008CEC61 /* RxBlocking in Frameworks */,
			);
			runOnlyForDeploymentPostprocessing = 0;
		};
		D0EABDFA267F3430008CEC61 /* Frameworks */ = {
			isa = PBXFrameworksBuildPhase;
			buildActionMask = 2147483647;
			files = (
			);
			runOnlyForDeploymentPostprocessing = 0;
		};
		D0EABE05267F3430008CEC61 /* Frameworks */ = {
			isa = PBXFrameworksBuildPhase;
			buildActionMask = 2147483647;
			files = (
			);
			runOnlyForDeploymentPostprocessing = 0;
		};
/* End PBXFrameworksBuildPhase section */

/* Begin PBXGroup section */
		D056E4FC268A101800539CCE /* BasicMVVM */ = {
			isa = PBXGroup;
			children = (
				D0EABDEE267F342D008CEC61 /* ViewController.swift */,
			);
			path = BasicMVVM;
			sourceTree = "<group>";
		};
		D056E4FD268A102300539CCE /* MonadNetworking */ = {
			isa = PBXGroup;
			children = (
				D056E4FE268A103E00539CCE /* ViewController.swift */,
				D056E504268A109000539CCE /* NetworkingService.swift */,
				D056E50A268A206800539CCE /* Stateful.swift */,
				D056E510268A218700539CCE /* Stateless.swift */,
			);
			path = MonadNetworking;
			sourceTree = "<group>";
		};
		D056E543268A27E800539CCE /* BowWorkAround */ = {
			isa = PBXGroup;
			children = (
				D056E544268A27FD00539CCE /* ViewController.swift */,
			);
			path = BowWorkAround;
			sourceTree = "<group>";
		};
		D0CC72D7268EC5D800762804 /* RxSwift */ = {
			isa = PBXGroup;
			children = (
				D0CC72F6268EC62000762804 /* ViewController.swift */,
				D0FADDCA2696DA8300ABA40B /* Extensions.swift */,
				D0FADDD22696DAFA00ABA40B /* ViewControllerRx.swift */,
				D0160F432697ED6500FC8F88 /* Materalize.swift */,
				D0988BEE26982560004A6F7F /* CombiningObservablesVC.swift */,
			);
			path = RxSwift;
			sourceTree = "<group>";
		};
		D0EABDDE267F342D008CEC61 = {
			isa = PBXGroup;
			children = (
				D057A29A268D514400E2E8EF /* FP.playground */,
				D0EABDE9267F342D008CEC61 /* CollectionPlaygrounds */,
				D0EABE00267F3430008CEC61 /* CollectionPlaygroundsTests */,
				D0EABE0B267F3430008CEC61 /* CollectionPlaygroundsUITests */,
				D0EABDE8267F342D008CEC61 /* Products */,
				D056E4EF268A0F2A00539CCE /* CollectionPlaygrounds copy-Info.plist */,
				D056E533268A274F00539CCE /* CollectionPlaygrounds copy2-Info.plist */,
				D0CC731F268EC64700762804 /* RxSwiftTest copy-Info.plist */,
				D0CC734F268EC65000762804 /* BowWorkaround copy-Info.plist */,
			);
			sourceTree = "<group>";
		};
		D0EABDE8267F342D008CEC61 /* Products */ = {
			isa = PBXGroup;
			children = (
				D0EABDE7267F342D008CEC61 /* BasicMVVM.app */,
				D0EABDFD267F3430008CEC61 /* CollectionPlaygroundsTests.xctest */,
				D0EABE08267F3430008CEC61 /* CollectionPlaygroundsUITests.xctest */,
				D056E4EA268A0F2A00539CCE /* MonadNetworking.app */,
				D056E532268A274E00539CCE /* BowWorkaround.app */,
				D0CC734E268EC65000762804 /* RxSwiftWorkaround.app */,
			);
			name = Products;
			sourceTree = "<group>";
		};
		D0EABDE9267F342D008CEC61 /* CollectionPlaygrounds */ = {
			isa = PBXGroup;
			children = (
				D0CC72D7268EC5D800762804 /* RxSwift */,
				D056E543268A27E800539CCE /* BowWorkAround */,
				D056E4FD268A102300539CCE /* MonadNetworking */,
				D056E4FC268A101800539CCE /* BasicMVVM */,
				D0EABDEA267F342D008CEC61 /* AppDelegate.swift */,
				D0EABDEC267F342D008CEC61 /* SceneDelegate.swift */,
				D0EABDF0267F342D008CEC61 /* Main.storyboard */,
				D0EABDF3267F342F008CEC61 /* Assets.xcassets */,
				D0EABDF5267F342F008CEC61 /* LaunchScreen.storyboard */,
				D0EABDF8267F342F008CEC61 /* Info.plist */,
			);
			path = CollectionPlaygrounds;
			sourceTree = "<group>";
		};
		D0EABE00267F3430008CEC61 /* CollectionPlaygroundsTests */ = {
			isa = PBXGroup;
			children = (
				D0EABE01267F3430008CEC61 /* CollectionPlaygroundsTests.swift */,
				D0EABE03267F3430008CEC61 /* Info.plist */,
			);
			path = CollectionPlaygroundsTests;
			sourceTree = "<group>";
		};
		D0EABE0B267F3430008CEC61 /* CollectionPlaygroundsUITests */ = {
			isa = PBXGroup;
			children = (
				D0EABE0C267F3430008CEC61 /* CollectionPlaygroundsUITests.swift */,
				D0EABE0E267F3430008CEC61 /* Info.plist */,
			);
			path = CollectionPlaygroundsUITests;
			sourceTree = "<group>";
		};
/* End PBXGroup section */

/* Begin PBXNativeTarget section */
		D056E4CE268A0F2A00539CCE /* MonadNetworking */ = {
			isa = PBXNativeTarget;
			buildConfigurationList = D056E4E7268A0F2A00539CCE /* Build configuration list for PBXNativeTarget "MonadNetworking" */;
			buildPhases = (
				D056E4D8268A0F2A00539CCE /* Sources */,
				D056E4DC268A0F2A00539CCE /* Frameworks */,
				D056E4E3268A0F2A00539CCE /* Resources */,
			);
			buildRules = (
			);
			dependencies = (
			);
			name = MonadNetworking;
			packageProductDependencies = (
				D056E4CF268A0F2A00539CCE /* RxSwift */,
				D056E4D1268A0F2A00539CCE /* RxRelay */,
				D056E4D2268A0F2A00539CCE /* RxCocoa */,
				D056E4D3268A0F2A00539CCE /* RxBlocking */,
				D056E4D4268A0F2A00539CCE /* Overture */,
				D056E4D6268A0F2A00539CCE /* SnapKit */,
			);
			productName = CollectionPlaygrounds;
			productReference = D056E4EA268A0F2A00539CCE /* MonadNetworking.app */;
			productType = "com.apple.product-type.application";
		};
		D056E516268A274E00539CCE /* BowWorkaround */ = {
			isa = PBXNativeTarget;
			buildConfigurationList = D056E52F268A274E00539CCE /* Build configuration list for PBXNativeTarget "BowWorkaround" */;
			buildPhases = (
				D056E520268A274E00539CCE /* Sources */,
				D056E524268A274E00539CCE /* Frameworks */,
				D056E52B268A274E00539CCE /* Resources */,
			);
			buildRules = (
			);
			dependencies = (
			);
			name = BowWorkaround;
			packageProductDependencies = (
				D056E517268A274E00539CCE /* RxSwift */,
				D056E519268A274E00539CCE /* RxRelay */,
				D056E51A268A274E00539CCE /* RxCocoa */,
				D056E51B268A274E00539CCE /* RxBlocking */,
				D056E51C268A274E00539CCE /* Overture */,
				D056E51E268A274E00539CCE /* SnapKit */,
			);
			productName = CollectionPlaygrounds;
			productReference = D056E532268A274E00539CCE /* BowWorkaround.app */;
			productType = "com.apple.product-type.application";
		};
		D0CC7332268EC65000762804 /* RxSwiftWorkaround */ = {
			isa = PBXNativeTarget;
			buildConfigurationList = D0CC734B268EC65000762804 /* Build configuration list for PBXNativeTarget "RxSwiftWorkaround" */;
			buildPhases = (
				D0CC733C268EC65000762804 /* Sources */,
				D0CC7340268EC65000762804 /* Frameworks */,
				D0CC7347268EC65000762804 /* Resources */,
				D0988C0B26982AC1004A6F7F /* Embed Frameworks */,
			);
			buildRules = (
			);
			dependencies = (
			);
			name = RxSwiftWorkaround;
			packageProductDependencies = (
				D0CC7333268EC65000762804 /* RxSwift */,
				D0CC7335268EC65000762804 /* RxRelay */,
				D0CC7336268EC65000762804 /* RxCocoa */,
				D0CC7337268EC65000762804 /* RxBlocking */,
				D0CC7338268EC65000762804 /* Overture */,
				D0CC733A268EC65000762804 /* SnapKit */,
				D0988C1726982BD5004A6F7F /* Charts */,
			);
			productName = CollectionPlaygrounds;
			productReference = D0CC734E268EC65000762804 /* RxSwiftWorkaround.app */;
			productType = "com.apple.product-type.application";
		};
		D0EABDE6267F342D008CEC61 /* BasicMVVM */ = {
			isa = PBXNativeTarget;
			buildConfigurationList = D0EABE11267F3430008CEC61 /* Build configuration list for PBXNativeTarget "BasicMVVM" */;
			buildPhases = (
				D0EABDE3267F342D008CEC61 /* Sources */,
				D0EABDE4267F342D008CEC61 /* Frameworks */,
				D0EABDE5267F342D008CEC61 /* Resources */,
			);
			buildRules = (
			);
			dependencies = (
			);
			name = BasicMVVM;
			packageProductDependencies = (
				D0EABE34267F36E0008CEC61 /* RxSwift */,
				D0EABE38267F36E0008CEC61 /* RxRelay */,
				D0EABE3A267F36E0008CEC61 /* RxCocoa */,
				D0EABE3C267F36E0008CEC61 /* RxBlocking */,
				D0EABE42267F3899008CEC61 /* Overture */,
				D0EABE48267F38CB008CEC61 /* SnapKit */,
			);
			productName = CollectionPlaygrounds;
			productReference = D0EABDE7267F342D008CEC61 /* BasicMVVM.app */;
			productType = "com.apple.product-type.application";
		};
		D0EABDFC267F3430008CEC61 /* CollectionPlaygroundsTests */ = {
			isa = PBXNativeTarget;
			buildConfigurationList = D0EABE14267F3430008CEC61 /* Build configuration list for PBXNativeTarget "CollectionPlaygroundsTests" */;
			buildPhases = (
				D0EABDF9267F3430008CEC61 /* Sources */,
				D0EABDFA267F3430008CEC61 /* Frameworks */,
				D0EABDFB267F3430008CEC61 /* Resources */,
			);
			buildRules = (
			);
			dependencies = (
				D0EABDFF267F3430008CEC61 /* PBXTargetDependency */,
			);
			name = CollectionPlaygroundsTests;
			productName = CollectionPlaygroundsTests;
			productReference = D0EABDFD267F3430008CEC61 /* CollectionPlaygroundsTests.xctest */;
			productType = "com.apple.product-type.bundle.unit-test";
		};
		D0EABE07267F3430008CEC61 /* CollectionPlaygroundsUITests */ = {
			isa = PBXNativeTarget;
			buildConfigurationList = D0EABE17267F3430008CEC61 /* Build configuration list for PBXNativeTarget "CollectionPlaygroundsUITests" */;
			buildPhases = (
				D0EABE04267F3430008CEC61 /* Sources */,
				D0EABE05267F3430008CEC61 /* Frameworks */,
				D0EABE06267F3430008CEC61 /* Resources */,
			);
			buildRules = (
			);
			dependencies = (
				D0EABE0A267F3430008CEC61 /* PBXTargetDependency */,
			);
			name = CollectionPlaygroundsUITests;
			productName = CollectionPlaygroundsUITests;
			productReference = D0EABE08267F3430008CEC61 /* CollectionPlaygroundsUITests.xctest */;
			productType = "com.apple.product-type.bundle.ui-testing";
		};
/* End PBXNativeTarget section */

/* Begin PBXProject section */
		D0EABDDF267F342D008CEC61 /* Project object */ = {
			isa = PBXProject;
			attributes = {
				LastSwiftUpdateCheck = 1220;
				LastUpgradeCheck = 1230;
				TargetAttributes = {
					D0EABDE6267F342D008CEC61 = {
						CreatedOnToolsVersion = 12.3;
					};
					D0EABDFC267F3430008CEC61 = {
						CreatedOnToolsVersion = 12.3;
						TestTargetID = D0EABDE6267F342D008CEC61;
					};
					D0EABE07267F3430008CEC61 = {
						CreatedOnToolsVersion = 12.3;
						TestTargetID = D0EABDE6267F342D008CEC61;
					};
				};
			};
			buildConfigurationList = D0EABDE2267F342D008CEC61 /* Build configuration list for PBXProject "CollectionPlaygrounds" */;
			compatibilityVersion = "Xcode 9.3";
			developmentRegion = en;
			hasScannedForEncodings = 0;
			knownRegions = (
				en,
				Base,
			);
			mainGroup = D0EABDDE267F342D008CEC61;
			packageReferences = (
				D0EABE33267F36E0008CEC61 /* XCRemoteSwiftPackageReference "RxSwift" */,
				D0EABE41267F3899008CEC61 /* XCRemoteSwiftPackageReference "swift-overture" */,
				D0EABE47267F38CB008CEC61 /* XCRemoteSwiftPackageReference "SnapKit" */,
				D0988C1626982BD5004A6F7F /* XCRemoteSwiftPackageReference "Charts" */,
			);
			productRefGroup = D0EABDE8267F342D008CEC61 /* Products */;
			projectDirPath = "";
			projectRoot = "";
			targets = (
				D0EABDE6267F342D008CEC61 /* BasicMVVM */,
				D0EABDFC267F3430008CEC61 /* CollectionPlaygroundsTests */,
				D0EABE07267F3430008CEC61 /* CollectionPlaygroundsUITests */,
				D056E4CE268A0F2A00539CCE /* MonadNetworking */,
				D056E516268A274E00539CCE /* BowWorkaround */,
				D0CC7332268EC65000762804 /* RxSwiftWorkaround */,
			);
		};
/* End PBXProject section */

/* Begin PBXResourcesBuildPhase section */
		D056E4E3268A0F2A00539CCE /* Resources */ = {
			isa = PBXResourcesBuildPhase;
			buildActionMask = 2147483647;
			files = (
				D056E4E4268A0F2A00539CCE /* LaunchScreen.storyboard in Resources */,
				D056E4E5268A0F2A00539CCE /* Assets.xcassets in Resources */,
				D056E4E6268A0F2A00539CCE /* Main.storyboard in Resources */,
			);
			runOnlyForDeploymentPostprocessing = 0;
		};
		D056E52B268A274E00539CCE /* Resources */ = {
			isa = PBXResourcesBuildPhase;
			buildActionMask = 2147483647;
			files = (
				D056E52C268A274E00539CCE /* LaunchScreen.storyboard in Resources */,
				D056E52D268A274E00539CCE /* Assets.xcassets in Resources */,
				D056E52E268A274E00539CCE /* Main.storyboard in Resources */,
			);
			runOnlyForDeploymentPostprocessing = 0;
		};
		D0CC7347268EC65000762804 /* Resources */ = {
			isa = PBXResourcesBuildPhase;
			buildActionMask = 2147483647;
			files = (
				D0CC7348268EC65000762804 /* LaunchScreen.storyboard in Resources */,
				D0CC7349268EC65000762804 /* Assets.xcassets in Resources */,
				D0CC734A268EC65000762804 /* Main.storyboard in Resources */,
			);
			runOnlyForDeploymentPostprocessing = 0;
		};
		D0EABDE5267F342D008CEC61 /* Resources */ = {
			isa = PBXResourcesBuildPhase;
			buildActionMask = 2147483647;
			files = (
				D0EABDF7267F342F008CEC61 /* LaunchScreen.storyboard in Resources */,
				D0EABDF4267F342F008CEC61 /* Assets.xcassets in Resources */,
				D0EABDF2267F342D008CEC61 /* Main.storyboard in Resources */,
			);
			runOnlyForDeploymentPostprocessing = 0;
		};
		D0EABDFB267F3430008CEC61 /* Resources */ = {
			isa = PBXResourcesBuildPhase;
			buildActionMask = 2147483647;
			files = (
			);
			runOnlyForDeploymentPostprocessing = 0;
		};
		D0EABE06267F3430008CEC61 /* Resources */ = {
			isa = PBXResourcesBuildPhase;
			buildActionMask = 2147483647;
			files = (
			);
			runOnlyForDeploymentPostprocessing = 0;
		};
/* End PBXResourcesBuildPhase section */

/* Begin PBXSourcesBuildPhase section */
		D056E4D8268A0F2A00539CCE /* Sources */ = {
			isa = PBXSourcesBuildPhase;
			buildActionMask = 2147483647;
			files = (
				D056E4FF268A103E00539CCE /* ViewController.swift in Sources */,
				D056E4DA268A0F2A00539CCE /* AppDelegate.swift in Sources */,
				D056E4DB268A0F2A00539CCE /* SceneDelegate.swift in Sources */,
				D056E505268A109000539CCE /* NetworkingService.swift in Sources */,
				D056E511268A218700539CCE /* Stateless.swift in Sources */,
				D056E50B268A206800539CCE /* Stateful.swift in Sources */,
			);
			runOnlyForDeploymentPostprocessing = 0;
		};
		D056E520268A274E00539CCE /* Sources */ = {
			isa = PBXSourcesBuildPhase;
			buildActionMask = 2147483647;
			files = (
				D056E522268A274E00539CCE /* AppDelegate.swift in Sources */,
				D056E545268A27FD00539CCE /* ViewController.swift in Sources */,
				D056E523268A274E00539CCE /* SceneDelegate.swift in Sources */,
			);
			runOnlyForDeploymentPostprocessing = 0;
		};
		D0CC733C268EC65000762804 /* Sources */ = {
			isa = PBXSourcesBuildPhase;
			buildActionMask = 2147483647;
			files = (
				D0CC733D268EC65000762804 /* AppDelegate.swift in Sources */,
				D0CC733F268EC65000762804 /* SceneDelegate.swift in Sources */,
				D0FADDCB2696DA8300ABA40B /* Extensions.swift in Sources */,
				D0988BEF26982560004A6F7F /* CombiningObservablesVC.swift in Sources */,
			);
			runOnlyForDeploymentPostprocessing = 0;
		};
		D0EABDE3267F342D008CEC61 /* Sources */ = {
			isa = PBXSourcesBuildPhase;
			buildActionMask = 2147483647;
			files = (
				D0FADDC32696D4BF00ABA40B /* ViewController.swift in Sources */,
				D0EABDEB267F342D008CEC61 /* AppDelegate.swift in Sources */,
				D0EABDED267F342D008CEC61 /* SceneDelegate.swift in Sources */,
			);
			runOnlyForDeploymentPostprocessing = 0;
		};
		D0EABDF9267F3430008CEC61 /* Sources */ = {
			isa = PBXSourcesBuildPhase;
			buildActionMask = 2147483647;
			files = (
				D0EABE02267F3430008CEC61 /* CollectionPlaygroundsTests.swift in Sources */,
			);
			runOnlyForDeploymentPostprocessing = 0;
		};
		D0EABE04267F3430008CEC61 /* Sources */ = {
			isa = PBXSourcesBuildPhase;
			buildActionMask = 2147483647;
			files = (
				D0EABE0D267F3430008CEC61 /* CollectionPlaygroundsUITests.swift in Sources */,
			);
			runOnlyForDeploymentPostprocessing = 0;
		};
/* End PBXSourcesBuildPhase section */

/* Begin PBXTargetDependency section */
		D0EABDFF267F3430008CEC61 /* PBXTargetDependency */ = {
			isa = PBXTargetDependency;
			target = D0EABDE6267F342D008CEC61 /* BasicMVVM */;
			targetProxy = D0EABDFE267F3430008CEC61 /* PBXContainerItemProxy */;
		};
		D0EABE0A267F3430008CEC61 /* PBXTargetDependency */ = {
			isa = PBXTargetDependency;
			target = D0EABDE6267F342D008CEC61 /* BasicMVVM */;
			targetProxy = D0EABE09267F3430008CEC61 /* PBXContainerItemProxy */;
		};
/* End PBXTargetDependency section */

/* Begin PBXVariantGroup section */
		D0EABDF0267F342D008CEC61 /* Main.storyboard */ = {
			isa = PBXVariantGroup;
			children = (
				D0EABDF1267F342D008CEC61 /* Base */,
			);
			name = Main.storyboard;
			sourceTree = "<group>";
		};
		D0EABDF5267F342F008CEC61 /* LaunchScreen.storyboard */ = {
			isa = PBXVariantGroup;
			children = (
				D0EABDF6267F342F008CEC61 /* Base */,
			);
			name = LaunchScreen.storyboard;
			sourceTree = "<group>";
		};
/* End PBXVariantGroup section */

/* Begin XCBuildConfiguration section */
		D056E4E8268A0F2A00539CCE /* Debug */ = {
			isa = XCBuildConfiguration;
			buildSettings = {
				ASSETCATALOG_COMPILER_APPICON_NAME = AppIcon;
				ASSETCATALOG_COMPILER_GLOBAL_ACCENT_COLOR_NAME = AccentColor;
				CODE_SIGN_STYLE = Automatic;
				INFOPLIST_FILE = "CollectionPlaygrounds copy-Info.plist";
				IPHONEOS_DEPLOYMENT_TARGET = 13.0;
				LD_RUNPATH_SEARCH_PATHS = (
					"$(inherited)",
					"@executable_path/Frameworks",
				);
				PRODUCT_BUNDLE_IDENTIFIER = thond.CollectionPlaygrounds;
				PRODUCT_NAME = "$(TARGET_NAME)";
				SWIFT_VERSION = 5.0;
				TARGETED_DEVICE_FAMILY = "1,2";
			};
			name = Debug;
		};
		D056E4E9268A0F2A00539CCE /* Release */ = {
			isa = XCBuildConfiguration;
			buildSettings = {
				ASSETCATALOG_COMPILER_APPICON_NAME = AppIcon;
				ASSETCATALOG_COMPILER_GLOBAL_ACCENT_COLOR_NAME = AccentColor;
				CODE_SIGN_STYLE = Automatic;
				INFOPLIST_FILE = "CollectionPlaygrounds copy-Info.plist";
				IPHONEOS_DEPLOYMENT_TARGET = 13.0;
				LD_RUNPATH_SEARCH_PATHS = (
					"$(inherited)",
					"@executable_path/Frameworks",
				);
				PRODUCT_BUNDLE_IDENTIFIER = thond.CollectionPlaygrounds;
				PRODUCT_NAME = "$(TARGET_NAME)";
				SWIFT_VERSION = 5.0;
				TARGETED_DEVICE_FAMILY = "1,2";
			};
			name = Release;
		};
		D056E530268A274E00539CCE /* Debug */ = {
			isa = XCBuildConfiguration;
			buildSettings = {
				ASSETCATALOG_COMPILER_APPICON_NAME = AppIcon;
				ASSETCATALOG_COMPILER_GLOBAL_ACCENT_COLOR_NAME = AccentColor;
				CODE_SIGN_STYLE = Automatic;
				INFOPLIST_FILE = "CollectionPlaygrounds copy2-Info.plist";
				IPHONEOS_DEPLOYMENT_TARGET = 13.0;
				LD_RUNPATH_SEARCH_PATHS = (
					"$(inherited)",
					"@executable_path/Frameworks",
				);
				PRODUCT_BUNDLE_IDENTIFIER = thond.CollectionPlaygrounds;
				PRODUCT_NAME = "$(TARGET_NAME)";
				SWIFT_VERSION = 5.0;
				TARGETED_DEVICE_FAMILY = "1,2";
			};
			name = Debug;
		};
		D056E531268A274E00539CCE /* Release */ = {
			isa = XCBuildConfiguration;
			buildSettings = {
				ASSETCATALOG_COMPILER_APPICON_NAME = AppIcon;
				ASSETCATALOG_COMPILER_GLOBAL_ACCENT_COLOR_NAME = AccentColor;
				CODE_SIGN_STYLE = Automatic;
				INFOPLIST_FILE = "CollectionPlaygrounds copy2-Info.plist";
				IPHONEOS_DEPLOYMENT_TARGET = 13.0;
				LD_RUNPATH_SEARCH_PATHS = (
					"$(inherited)",
					"@executable_path/Frameworks",
				);
				PRODUCT_BUNDLE_IDENTIFIER = thond.CollectionPlaygrounds;
				PRODUCT_NAME = "$(TARGET_NAME)";
				SWIFT_VERSION = 5.0;
				TARGETED_DEVICE_FAMILY = "1,2";
			};
			name = Release;
		};
		D0CC734C268EC65000762804 /* Debug */ = {
			isa = XCBuildConfiguration;
			buildSettings = {
				ASSETCATALOG_COMPILER_APPICON_NAME = AppIcon;
				ASSETCATALOG_COMPILER_GLOBAL_ACCENT_COLOR_NAME = AccentColor;
				CODE_SIGN_STYLE = Automatic;
				INFOPLIST_FILE = "BowWorkaround copy-Info.plist";
				IPHONEOS_DEPLOYMENT_TARGET = 13.0;
				LD_RUNPATH_SEARCH_PATHS = (
					"$(inherited)",
					"@executable_path/Frameworks",
				);
				PRODUCT_BUNDLE_IDENTIFIER = thond.CollectionPlaygrounds;
				PRODUCT_NAME = "$(TARGET_NAME)";
				SWIFT_VERSION = 5.0;
				TARGETED_DEVICE_FAMILY = "1,2";
			};
			name = Debug;
		};
		D0CC734D268EC65000762804 /* Release */ = {
			isa = XCBuildConfiguration;
			buildSettings = {
				ASSETCATALOG_COMPILER_APPICON_NAME = AppIcon;
				ASSETCATALOG_COMPILER_GLOBAL_ACCENT_COLOR_NAME = AccentColor;
				CODE_SIGN_STYLE = Automatic;
				INFOPLIST_FILE = "BowWorkaround copy-Info.plist";
				IPHONEOS_DEPLOYMENT_TARGET = 13.0;
				LD_RUNPATH_SEARCH_PATHS = (
					"$(inherited)",
					"@executable_path/Frameworks",
				);
				PRODUCT_BUNDLE_IDENTIFIER = thond.CollectionPlaygrounds;
				PRODUCT_NAME = "$(TARGET_NAME)";
				SWIFT_VERSION = 5.0;
				TARGETED_DEVICE_FAMILY = "1,2";
			};
			name = Release;
		};
		D0EABE0F267F3430008CEC61 /* Debug */ = {
			isa = XCBuildConfiguration;
			buildSettings = {
				ALWAYS_SEARCH_USER_PATHS = NO;
				CLANG_ANALYZER_NONNULL = YES;
				CLANG_ANALYZER_NUMBER_OBJECT_CONVERSION = YES_AGGRESSIVE;
				CLANG_CXX_LANGUAGE_STANDARD = "gnu++14";
				CLANG_CXX_LIBRARY = "libc++";
				CLANG_ENABLE_MODULES = YES;
				CLANG_ENABLE_OBJC_ARC = YES;
				CLANG_ENABLE_OBJC_WEAK = YES;
				CLANG_WARN_BLOCK_CAPTURE_AUTORELEASING = YES;
				CLANG_WARN_BOOL_CONVERSION = YES;
				CLANG_WARN_COMMA = YES;
				CLANG_WARN_CONSTANT_CONVERSION = YES;
				CLANG_WARN_DEPRECATED_OBJC_IMPLEMENTATIONS = YES;
				CLANG_WARN_DIRECT_OBJC_ISA_USAGE = YES_ERROR;
				CLANG_WARN_DOCUMENTATION_COMMENTS = YES;
				CLANG_WARN_EMPTY_BODY = YES;
				CLANG_WARN_ENUM_CONVERSION = YES;
				CLANG_WARN_INFINITE_RECURSION = YES;
				CLANG_WARN_INT_CONVERSION = YES;
				CLANG_WARN_NON_LITERAL_NULL_CONVERSION = YES;
				CLANG_WARN_OBJC_IMPLICIT_RETAIN_SELF = YES;
				CLANG_WARN_OBJC_LITERAL_CONVERSION = YES;
				CLANG_WARN_OBJC_ROOT_CLASS = YES_ERROR;
				CLANG_WARN_QUOTED_INCLUDE_IN_FRAMEWORK_HEADER = YES;
				CLANG_WARN_RANGE_LOOP_ANALYSIS = YES;
				CLANG_WARN_STRICT_PROTOTYPES = YES;
				CLANG_WARN_SUSPICIOUS_MOVE = YES;
				CLANG_WARN_UNGUARDED_AVAILABILITY = YES_AGGRESSIVE;
				CLANG_WARN_UNREACHABLE_CODE = YES;
				CLANG_WARN__DUPLICATE_METHOD_MATCH = YES;
				COPY_PHASE_STRIP = NO;
				DEBUG_INFORMATION_FORMAT = dwarf;
				ENABLE_STRICT_OBJC_MSGSEND = YES;
				ENABLE_TESTABILITY = YES;
				GCC_C_LANGUAGE_STANDARD = gnu11;
				GCC_DYNAMIC_NO_PIC = NO;
				GCC_NO_COMMON_BLOCKS = YES;
				GCC_OPTIMIZATION_LEVEL = 0;
				GCC_PREPROCESSOR_DEFINITIONS = (
					"DEBUG=1",
					"$(inherited)",
				);
				GCC_WARN_64_TO_32_BIT_CONVERSION = YES;
				GCC_WARN_ABOUT_RETURN_TYPE = YES_ERROR;
				GCC_WARN_UNDECLARED_SELECTOR = YES;
				GCC_WARN_UNINITIALIZED_AUTOS = YES_AGGRESSIVE;
				GCC_WARN_UNUSED_FUNCTION = YES;
				GCC_WARN_UNUSED_VARIABLE = YES;
				IPHONEOS_DEPLOYMENT_TARGET = 14.3;
				MTL_ENABLE_DEBUG_INFO = INCLUDE_SOURCE;
				MTL_FAST_MATH = YES;
				ONLY_ACTIVE_ARCH = YES;
				SDKROOT = iphoneos;
				SWIFT_ACTIVE_COMPILATION_CONDITIONS = DEBUG;
				SWIFT_OPTIMIZATION_LEVEL = "-Onone";
			};
			name = Debug;
		};
		D0EABE10267F3430008CEC61 /* Release */ = {
			isa = XCBuildConfiguration;
			buildSettings = {
				ALWAYS_SEARCH_USER_PATHS = NO;
				CLANG_ANALYZER_NONNULL = YES;
				CLANG_ANALYZER_NUMBER_OBJECT_CONVERSION = YES_AGGRESSIVE;
				CLANG_CXX_LANGUAGE_STANDARD = "gnu++14";
				CLANG_CXX_LIBRARY = "libc++";
				CLANG_ENABLE_MODULES = YES;
				CLANG_ENABLE_OBJC_ARC = YES;
				CLANG_ENABLE_OBJC_WEAK = YES;
				CLANG_WARN_BLOCK_CAPTURE_AUTORELEASING = YES;
				CLANG_WARN_BOOL_CONVERSION = YES;
				CLANG_WARN_COMMA = YES;
				CLANG_WARN_CONSTANT_CONVERSION = YES;
				CLANG_WARN_DEPRECATED_OBJC_IMPLEMENTATIONS = YES;
				CLANG_WARN_DIRECT_OBJC_ISA_USAGE = YES_ERROR;
				CLANG_WARN_DOCUMENTATION_COMMENTS = YES;
				CLANG_WARN_EMPTY_BODY = YES;
				CLANG_WARN_ENUM_CONVERSION = YES;
				CLANG_WARN_INFINITE_RECURSION = YES;
				CLANG_WARN_INT_CONVERSION = YES;
				CLANG_WARN_NON_LITERAL_NULL_CONVERSION = YES;
				CLANG_WARN_OBJC_IMPLICIT_RETAIN_SELF = YES;
				CLANG_WARN_OBJC_LITERAL_CONVERSION = YES;
				CLANG_WARN_OBJC_ROOT_CLASS = YES_ERROR;
				CLANG_WARN_QUOTED_INCLUDE_IN_FRAMEWORK_HEADER = YES;
				CLANG_WARN_RANGE_LOOP_ANALYSIS = YES;
				CLANG_WARN_STRICT_PROTOTYPES = YES;
				CLANG_WARN_SUSPICIOUS_MOVE = YES;
				CLANG_WARN_UNGUARDED_AVAILABILITY = YES_AGGRESSIVE;
				CLANG_WARN_UNREACHABLE_CODE = YES;
				CLANG_WARN__DUPLICATE_METHOD_MATCH = YES;
				COPY_PHASE_STRIP = NO;
				DEBUG_INFORMATION_FORMAT = "dwarf-with-dsym";
				ENABLE_NS_ASSERTIONS = NO;
				ENABLE_STRICT_OBJC_MSGSEND = YES;
				GCC_C_LANGUAGE_STANDARD = gnu11;
				GCC_NO_COMMON_BLOCKS = YES;
				GCC_WARN_64_TO_32_BIT_CONVERSION = YES;
				GCC_WARN_ABOUT_RETURN_TYPE = YES_ERROR;
				GCC_WARN_UNDECLARED_SELECTOR = YES;
				GCC_WARN_UNINITIALIZED_AUTOS = YES_AGGRESSIVE;
				GCC_WARN_UNUSED_FUNCTION = YES;
				GCC_WARN_UNUSED_VARIABLE = YES;
				IPHONEOS_DEPLOYMENT_TARGET = 14.3;
				MTL_ENABLE_DEBUG_INFO = NO;
				MTL_FAST_MATH = YES;
				SDKROOT = iphoneos;
				SWIFT_COMPILATION_MODE = wholemodule;
				SWIFT_OPTIMIZATION_LEVEL = "-O";
				VALIDATE_PRODUCT = YES;
			};
			name = Release;
		};
		D0EABE12267F3430008CEC61 /* Debug */ = {
			isa = XCBuildConfiguration;
			buildSettings = {
				ASSETCATALOG_COMPILER_APPICON_NAME = AppIcon;
				ASSETCATALOG_COMPILER_GLOBAL_ACCENT_COLOR_NAME = AccentColor;
				CODE_SIGN_STYLE = Automatic;
				INFOPLIST_FILE = CollectionPlaygrounds/Info.plist;
				IPHONEOS_DEPLOYMENT_TARGET = 13.0;
				LD_RUNPATH_SEARCH_PATHS = (
					"$(inherited)",
					"@executable_path/Frameworks",
				);
				PRODUCT_BUNDLE_IDENTIFIER = thond.CollectionPlaygrounds;
				PRODUCT_NAME = "$(TARGET_NAME)";
				SWIFT_VERSION = 5.0;
				TARGETED_DEVICE_FAMILY = "1,2";
			};
			name = Debug;
		};
		D0EABE13267F3430008CEC61 /* Release */ = {
			isa = XCBuildConfiguration;
			buildSettings = {
				ASSETCATALOG_COMPILER_APPICON_NAME = AppIcon;
				ASSETCATALOG_COMPILER_GLOBAL_ACCENT_COLOR_NAME = AccentColor;
				CODE_SIGN_STYLE = Automatic;
				INFOPLIST_FILE = CollectionPlaygrounds/Info.plist;
				IPHONEOS_DEPLOYMENT_TARGET = 13.0;
				LD_RUNPATH_SEARCH_PATHS = (
					"$(inherited)",
					"@executable_path/Frameworks",
				);
				PRODUCT_BUNDLE_IDENTIFIER = thond.CollectionPlaygrounds;
				PRODUCT_NAME = "$(TARGET_NAME)";
				SWIFT_VERSION = 5.0;
				TARGETED_DEVICE_FAMILY = "1,2";
			};
			name = Release;
		};
		D0EABE15267F3430008CEC61 /* Debug */ = {
			isa = XCBuildConfiguration;
			buildSettings = {
				ALWAYS_EMBED_SWIFT_STANDARD_LIBRARIES = YES;
				BUNDLE_LOADER = "$(TEST_HOST)";
				CODE_SIGN_STYLE = Automatic;
				INFOPLIST_FILE = CollectionPlaygroundsTests/Info.plist;
				IPHONEOS_DEPLOYMENT_TARGET = 14.3;
				LD_RUNPATH_SEARCH_PATHS = (
					"$(inherited)",
					"@executable_path/Frameworks",
					"@loader_path/Frameworks",
				);
				PRODUCT_BUNDLE_IDENTIFIER = thond.CollectionPlaygroundsTests;
				PRODUCT_NAME = "$(TARGET_NAME)";
				SWIFT_VERSION = 5.0;
				TARGETED_DEVICE_FAMILY = "1,2";
				TEST_HOST = "$(BUILT_PRODUCTS_DIR)/CollectionPlaygrounds.app/CollectionPlaygrounds";
			};
			name = Debug;
		};
		D0EABE16267F3430008CEC61 /* Release */ = {
			isa = XCBuildConfiguration;
			buildSettings = {
				ALWAYS_EMBED_SWIFT_STANDARD_LIBRARIES = YES;
				BUNDLE_LOADER = "$(TEST_HOST)";
				CODE_SIGN_STYLE = Automatic;
				INFOPLIST_FILE = CollectionPlaygroundsTests/Info.plist;
				IPHONEOS_DEPLOYMENT_TARGET = 14.3;
				LD_RUNPATH_SEARCH_PATHS = (
					"$(inherited)",
					"@executable_path/Frameworks",
					"@loader_path/Frameworks",
				);
				PRODUCT_BUNDLE_IDENTIFIER = thond.CollectionPlaygroundsTests;
				PRODUCT_NAME = "$(TARGET_NAME)";
				SWIFT_VERSION = 5.0;
				TARGETED_DEVICE_FAMILY = "1,2";
				TEST_HOST = "$(BUILT_PRODUCTS_DIR)/CollectionPlaygrounds.app/CollectionPlaygrounds";
			};
			name = Release;
		};
		D0EABE18267F3430008CEC61 /* Debug */ = {
			isa = XCBuildConfiguration;
			buildSettings = {
				ALWAYS_EMBED_SWIFT_STANDARD_LIBRARIES = YES;
				CODE_SIGN_STYLE = Automatic;
				INFOPLIST_FILE = CollectionPlaygroundsUITests/Info.plist;
				LD_RUNPATH_SEARCH_PATHS = (
					"$(inherited)",
					"@executable_path/Frameworks",
					"@loader_path/Frameworks",
				);
				PRODUCT_BUNDLE_IDENTIFIER = thond.CollectionPlaygroundsUITests;
				PRODUCT_NAME = "$(TARGET_NAME)";
				SWIFT_VERSION = 5.0;
				TARGETED_DEVICE_FAMILY = "1,2";
				TEST_TARGET_NAME = CollectionPlaygrounds;
			};
			name = Debug;
		};
		D0EABE19267F3430008CEC61 /* Release */ = {
			isa = XCBuildConfiguration;
			buildSettings = {
				ALWAYS_EMBED_SWIFT_STANDARD_LIBRARIES = YES;
				CODE_SIGN_STYLE = Automatic;
				INFOPLIST_FILE = CollectionPlaygroundsUITests/Info.plist;
				LD_RUNPATH_SEARCH_PATHS = (
					"$(inherited)",
					"@executable_path/Frameworks",
					"@loader_path/Frameworks",
				);
				PRODUCT_BUNDLE_IDENTIFIER = thond.CollectionPlaygroundsUITests;
				PRODUCT_NAME = "$(TARGET_NAME)";
				SWIFT_VERSION = 5.0;
				TARGETED_DEVICE_FAMILY = "1,2";
				TEST_TARGET_NAME = CollectionPlaygrounds;
			};
			name = Release;
		};
/* End XCBuildConfiguration section */

/* Begin XCConfigurationList section */
		D056E4E7268A0F2A00539CCE /* Build configuration list for PBXNativeTarget "MonadNetworking" */ = {
			isa = XCConfigurationList;
			buildConfigurations = (
				D056E4E8268A0F2A00539CCE /* Debug */,
				D056E4E9268A0F2A00539CCE /* Release */,
			);
			defaultConfigurationIsVisible = 0;
			defaultConfigurationName = Release;
		};
		D056E52F268A274E00539CCE /* Build configuration list for PBXNativeTarget "BowWorkaround" */ = {
			isa = XCConfigurationList;
			buildConfigurations = (
				D056E530268A274E00539CCE /* Debug */,
				D056E531268A274E00539CCE /* Release */,
			);
			defaultConfigurationIsVisible = 0;
			defaultConfigurationName = Release;
		};
		D0CC734B268EC65000762804 /* Build configuration list for PBXNativeTarget "RxSwiftWorkaround" */ = {
			isa = XCConfigurationList;
			buildConfigurations = (
				D0CC734C268EC65000762804 /* Debug */,
				D0CC734D268EC65000762804 /* Release */,
			);
			defaultConfigurationIsVisible = 0;
			defaultConfigurationName = Release;
		};
		D0EABDE2267F342D008CEC61 /* Build configuration list for PBXProject "CollectionPlaygrounds" */ = {
			isa = XCConfigurationList;
			buildConfigurations = (
				D0EABE0F267F3430008CEC61 /* Debug */,
				D0EABE10267F3430008CEC61 /* Release */,
			);
			defaultConfigurationIsVisible = 0;
			defaultConfigurationName = Release;
		};
		D0EABE11267F3430008CEC61 /* Build configuration list for PBXNativeTarget "BasicMVVM" */ = {
			isa = XCConfigurationList;
			buildConfigurations = (
				D0EABE12267F3430008CEC61 /* Debug */,
				D0EABE13267F3430008CEC61 /* Release */,
			);
			defaultConfigurationIsVisible = 0;
			defaultConfigurationName = Release;
		};
		D0EABE14267F3430008CEC61 /* Build configuration list for PBXNativeTarget "CollectionPlaygroundsTests" */ = {
			isa = XCConfigurationList;
			buildConfigurations = (
				D0EABE15267F3430008CEC61 /* Debug */,
				D0EABE16267F3430008CEC61 /* Release */,
			);
			defaultConfigurationIsVisible = 0;
			defaultConfigurationName = Release;
		};
		D0EABE17267F3430008CEC61 /* Build configuration list for PBXNativeTarget "CollectionPlaygroundsUITests" */ = {
			isa = XCConfigurationList;
			buildConfigurations = (
				D0EABE18267F3430008CEC61 /* Debug */,
				D0EABE19267F3430008CEC61 /* Release */,
			);
			defaultConfigurationIsVisible = 0;
			defaultConfigurationName = Release;
		};
/* End XCConfigurationList section */

/* Begin XCRemoteSwiftPackageReference section */
		D056E4D0268A0F2A00539CCE /* XCRemoteSwiftPackageReference "RxSwift" */ = {
			isa = XCRemoteSwiftPackageReference;
			repositoryURL = "https://github.com/ReactiveX/RxSwift";
			requirement = {
				kind = upToNextMajorVersion;
				minimumVersion = 6.2.0;
			};
		};
		D056E4D5268A0F2A00539CCE /* XCRemoteSwiftPackageReference "swift-overture" */ = {
			isa = XCRemoteSwiftPackageReference;
			repositoryURL = "https://github.com/pointfreeco/swift-overture";
			requirement = {
				kind = exactVersion;
				version = 0.2.0;
			};
		};
		D056E4D7268A0F2A00539CCE /* XCRemoteSwiftPackageReference "SnapKit" */ = {
			isa = XCRemoteSwiftPackageReference;
			repositoryURL = "https://github.com/SnapKit/SnapKit";
			requirement = {
				kind = upToNextMajorVersion;
				minimumVersion = 5.0.1;
			};
		};
		D056E518268A274E00539CCE /* XCRemoteSwiftPackageReference "RxSwift" */ = {
			isa = XCRemoteSwiftPackageReference;
			repositoryURL = "https://github.com/ReactiveX/RxSwift";
			requirement = {
				kind = upToNextMajorVersion;
				minimumVersion = 6.2.0;
			};
		};
		D056E51D268A274E00539CCE /* XCRemoteSwiftPackageReference "swift-overture" */ = {
			isa = XCRemoteSwiftPackageReference;
			repositoryURL = "https://github.com/pointfreeco/swift-overture";
			requirement = {
				kind = exactVersion;
				version = 0.2.0;
			};
		};
		D056E51F268A274E00539CCE /* XCRemoteSwiftPackageReference "SnapKit" */ = {
			isa = XCRemoteSwiftPackageReference;
			repositoryURL = "https://github.com/SnapKit/SnapKit";
			requirement = {
				kind = upToNextMajorVersion;
				minimumVersion = 5.0.1;
			};
		};
		D0988C1626982BD5004A6F7F /* XCRemoteSwiftPackageReference "Charts" */ = {
			isa = XCRemoteSwiftPackageReference;
			repositoryURL = "https://github.com/danielgindi/Charts";
			requirement = {
				kind = upToNextMajorVersion;
				minimumVersion = 4.0.1;
			};
		};
		D0CC7334268EC65000762804 /* XCRemoteSwiftPackageReference "RxSwift" */ = {
			isa = XCRemoteSwiftPackageReference;
			repositoryURL = "https://github.com/ReactiveX/RxSwift";
			requirement = {
				kind = upToNextMajorVersion;
				minimumVersion = 6.2.0;
			};
		};
		D0CC7339268EC65000762804 /* XCRemoteSwiftPackageReference "swift-overture" */ = {
			isa = XCRemoteSwiftPackageReference;
			repositoryURL = "https://github.com/pointfreeco/swift-overture";
			requirement = {
				kind = exactVersion;
				version = 0.2.0;
			};
		};
		D0CC733B268EC65000762804 /* XCRemoteSwiftPackageReference "SnapKit" */ = {
			isa = XCRemoteSwiftPackageReference;
			repositoryURL = "https://github.com/SnapKit/SnapKit";
			requirement = {
				kind = upToNextMajorVersion;
				minimumVersion = 5.0.1;
			};
		};
		D0EABE33267F36E0008CEC61 /* XCRemoteSwiftPackageReference "RxSwift" */ = {
			isa = XCRemoteSwiftPackageReference;
			repositoryURL = "https://github.com/ReactiveX/RxSwift";
			requirement = {
				kind = upToNextMinorVersion;
				minimumVersion = 6.0.0;
			};
		};
		D0EABE41267F3899008CEC61 /* XCRemoteSwiftPackageReference "swift-overture" */ = {
			isa = XCRemoteSwiftPackageReference;
			repositoryURL = "https://github.com/pointfreeco/swift-overture";
			requirement = {
				kind = exactVersion;
				version = 0.2.0;
			};
		};
		D0EABE47267F38CB008CEC61 /* XCRemoteSwiftPackageReference "SnapKit" */ = {
			isa = XCRemoteSwiftPackageReference;
			repositoryURL = "https://github.com/SnapKit/SnapKit";
			requirement = {
				kind = upToNextMajorVersion;
				minimumVersion = 5.0.1;
			};
		};
/* End XCRemoteSwiftPackageReference section */

/* Begin XCSwiftPackageProductDependency section */
		D056E4CF268A0F2A00539CCE /* RxSwift */ = {
			isa = XCSwiftPackageProductDependency;
			package = D056E4D0268A0F2A00539CCE /* XCRemoteSwiftPackageReference "RxSwift" */;
			productName = RxSwift;
		};
		D056E4D1268A0F2A00539CCE /* RxRelay */ = {
			isa = XCSwiftPackageProductDependency;
			package = D056E4D0268A0F2A00539CCE /* XCRemoteSwiftPackageReference "RxSwift" */;
			productName = RxRelay;
		};
		D056E4D2268A0F2A00539CCE /* RxCocoa */ = {
			isa = XCSwiftPackageProductDependency;
			package = D056E4D0268A0F2A00539CCE /* XCRemoteSwiftPackageReference "RxSwift" */;
			productName = RxCocoa;
		};
		D056E4D3268A0F2A00539CCE /* RxBlocking */ = {
			isa = XCSwiftPackageProductDependency;
			package = D056E4D0268A0F2A00539CCE /* XCRemoteSwiftPackageReference "RxSwift" */;
			productName = RxBlocking;
		};
		D056E4D4268A0F2A00539CCE /* Overture */ = {
			isa = XCSwiftPackageProductDependency;
			package = D056E4D5268A0F2A00539CCE /* XCRemoteSwiftPackageReference "swift-overture" */;
			productName = Overture;
		};
		D056E4D6268A0F2A00539CCE /* SnapKit */ = {
			isa = XCSwiftPackageProductDependency;
			package = D056E4D7268A0F2A00539CCE /* XCRemoteSwiftPackageReference "SnapKit" */;
			productName = SnapKit;
		};
		D056E517268A274E00539CCE /* RxSwift */ = {
			isa = XCSwiftPackageProductDependency;
			package = D056E518268A274E00539CCE /* XCRemoteSwiftPackageReference "RxSwift" */;
			productName = RxSwift;
		};
		D056E519268A274E00539CCE /* RxRelay */ = {
			isa = XCSwiftPackageProductDependency;
			package = D056E518268A274E00539CCE /* XCRemoteSwiftPackageReference "RxSwift" */;
			productName = RxRelay;
		};
		D056E51A268A274E00539CCE /* RxCocoa */ = {
			isa = XCSwiftPackageProductDependency;
			package = D056E518268A274E00539CCE /* XCRemoteSwiftPackageReference "RxSwift" */;
			productName = RxCocoa;
		};
		D056E51B268A274E00539CCE /* RxBlocking */ = {
			isa = XCSwiftPackageProductDependency;
			package = D056E518268A274E00539CCE /* XCRemoteSwiftPackageReference "RxSwift" */;
			productName = RxBlocking;
		};
		D056E51C268A274E00539CCE /* Overture */ = {
			isa = XCSwiftPackageProductDependency;
			package = D056E51D268A274E00539CCE /* XCRemoteSwiftPackageReference "swift-overture" */;
			productName = Overture;
		};
		D056E51E268A274E00539CCE /* SnapKit */ = {
			isa = XCSwiftPackageProductDependency;
			package = D056E51F268A274E00539CCE /* XCRemoteSwiftPackageReference "SnapKit" */;
			productName = SnapKit;
		};
		D0988C1726982BD5004A6F7F /* Charts */ = {
			isa = XCSwiftPackageProductDependency;
			package = D0988C1626982BD5004A6F7F /* XCRemoteSwiftPackageReference "Charts" */;
			productName = Charts;
		};
		D0CC7333268EC65000762804 /* RxSwift */ = {
			isa = XCSwiftPackageProductDependency;
			package = D0CC7334268EC65000762804 /* XCRemoteSwiftPackageReference "RxSwift" */;
			productName = RxSwift;
		};
		D0CC7335268EC65000762804 /* RxRelay */ = {
			isa = XCSwiftPackageProductDependency;
			package = D0CC7334268EC65000762804 /* XCRemoteSwiftPackageReference "RxSwift" */;
			productName = RxRelay;
		};
		D0CC7336268EC65000762804 /* RxCocoa */ = {
			isa = XCSwiftPackageProductDependency;
			package = D0CC7334268EC65000762804 /* XCRemoteSwiftPackageReference "RxSwift" */;
			productName = RxCocoa;
		};
		D0CC7337268EC65000762804 /* RxBlocking */ = {
			isa = XCSwiftPackageProductDependency;
			package = D0CC7334268EC65000762804 /* XCRemoteSwiftPackageReference "RxSwift" */;
			productName = RxBlocking;
		};
		D0CC7338268EC65000762804 /* Overture */ = {
			isa = XCSwiftPackageProductDependency;
			package = D0CC7339268EC65000762804 /* XCRemoteSwiftPackageReference "swift-overture" */;
			productName = Overture;
		};
		D0CC733A268EC65000762804 /* SnapKit */ = {
			isa = XCSwiftPackageProductDependency;
			package = D0CC733B268EC65000762804 /* XCRemoteSwiftPackageReference "SnapKit" */;
			productName = SnapKit;
		};
		D0EABE34267F36E0008CEC61 /* RxSwift */ = {
			isa = XCSwiftPackageProductDependency;
			package = D0EABE33267F36E0008CEC61 /* XCRemoteSwiftPackageReference "RxSwift" */;
			productName = RxSwift;
		};
		D0EABE38267F36E0008CEC61 /* RxRelay */ = {
			isa = XCSwiftPackageProductDependency;
			package = D0EABE33267F36E0008CEC61 /* XCRemoteSwiftPackageReference "RxSwift" */;
			productName = RxRelay;
		};
		D0EABE3A267F36E0008CEC61 /* RxCocoa */ = {
			isa = XCSwiftPackageProductDependency;
			package = D0EABE33267F36E0008CEC61 /* XCRemoteSwiftPackageReference "RxSwift" */;
			productName = RxCocoa;
		};
		D0EABE3C267F36E0008CEC61 /* RxBlocking */ = {
			isa = XCSwiftPackageProductDependency;
			package = D0EABE33267F36E0008CEC61 /* XCRemoteSwiftPackageReference "RxSwift" */;
			productName = RxBlocking;
		};
		D0EABE42267F3899008CEC61 /* Overture */ = {
			isa = XCSwiftPackageProductDependency;
			package = D0EABE41267F3899008CEC61 /* XCRemoteSwiftPackageReference "swift-overture" */;
			productName = Overture;
		};
		D0EABE48267F38CB008CEC61 /* SnapKit */ = {
			isa = XCSwiftPackageProductDependency;
			package = D0EABE47267F38CB008CEC61 /* XCRemoteSwiftPackageReference "SnapKit" */;
			productName = SnapKit;
		};
/* End XCSwiftPackageProductDependency section */
	};
	rootObject = D0EABDDF267F342D008CEC61 /* Project object */;
}
