// !$*UTF8*$!
{
	archiveVersion = 1;
	classes = {
	};
	objectVersion = 52;
	objects = {

/* Begin PBXBuildFile section */
		D057A3E9268DBD4900E2E8EF /* AppDelegate.swift in Sources */ = {isa = PBXBuildFile; fileRef = D057A3E8268DBD4900E2E8EF /* AppDelegate.swift */; };
		D057A3EB268DBD4900E2E8EF /* SceneDelegate.swift in Sources */ = {isa = PBXBuildFile; fileRef = D057A3EA268DBD4900E2E8EF /* SceneDelegate.swift */; };
		D057A3ED268DBD4900E2E8EF /* ViewController.swift in Sources */ = {isa = PBXBuildFile; fileRef = D057A3EC268DBD4900E2E8EF /* ViewController.swift */; };
		D057A3F0268DBD4900E2E8EF /* Main.storyboard in Resources */ = {isa = PBXBuildFile; fileRef = D057A3EE268DBD4900E2E8EF /* Main.storyboard */; };
		D057A3F2268DBD4B00E2E8EF /* Assets.xcassets in Resources */ = {isa = PBXBuildFile; fileRef = D057A3F1268DBD4B00E2E8EF /* Assets.xcassets */; };
		D057A3F5268DBD4B00E2E8EF /* LaunchScreen.storyboard in Resources */ = {isa = PBXBuildFile; fileRef = D057A3F3268DBD4B00E2E8EF /* LaunchScreen.storyboard */; };
		D057A3FF268DBEB800E2E8EF /* BowRx in Frameworks */ = {isa = PBXBuildFile; productRef = D057A3FE268DBEB800E2E8EF /* BowRx */; };
		D057A401268DBEB800E2E8EF /* BowEffectsGenerators in Frameworks */ = {isa = PBXBuildFile; productRef = D057A400268DBEB800E2E8EF /* BowEffectsGenerators */; };
		D057A403268DBEB800E2E8EF /* BowRecursionSchemes in Frameworks */ = {isa = PBXBuildFile; productRef = D057A402268DBEB800E2E8EF /* BowRecursionSchemes */; };
		D057A405268DBEB800E2E8EF /* BowRxGenerators in Frameworks */ = {isa = PBXBuildFile; productRef = D057A404268DBEB800E2E8EF /* BowRxGenerators */; };
		D057A407268DBEB800E2E8EF /* BowEffects in Frameworks */ = {isa = PBXBuildFile; productRef = D057A406268DBEB800E2E8EF /* BowEffects */; };
		D057A409268DBEB800E2E8EF /* BowLaws in Frameworks */ = {isa = PBXBuildFile; productRef = D057A408268DBEB800E2E8EF /* BowLaws */; };
		D057A40B268DBEB800E2E8EF /* BowGenerators in Frameworks */ = {isa = PBXBuildFile; productRef = D057A40A268DBEB800E2E8EF /* BowGenerators */; };
		D057A40D268DBEB800E2E8EF /* BowFreeGenerators in Frameworks */ = {isa = PBXBuildFile; productRef = D057A40C268DBEB800E2E8EF /* BowFreeGenerators */; };
		D057A40F268DBEB800E2E8EF /* BowOpticsLaws in Frameworks */ = {isa = PBXBuildFile; productRef = D057A40E268DBEB800E2E8EF /* BowOpticsLaws */; };
		D057A411268DBEB800E2E8EF /* Bow in Frameworks */ = {isa = PBXBuildFile; productRef = D057A410268DBEB800E2E8EF /* Bow */; };
		D057A413268DBEB800E2E8EF /* BowOptics in Frameworks */ = {isa = PBXBuildFile; productRef = D057A412268DBEB800E2E8EF /* BowOptics */; };
		D057A415268DBEB800E2E8EF /* BowFree in Frameworks */ = {isa = PBXBuildFile; productRef = D057A414268DBEB800E2E8EF /* BowFree */; };
		D057A417268DBEB800E2E8EF /* BowEffectsLaws in Frameworks */ = {isa = PBXBuildFile; productRef = D057A416268DBEB800E2E8EF /* BowEffectsLaws */; };
/* End PBXBuildFile section */

/* Begin PBXFileReference section */
		D057A3E5268DBD4900E2E8EF /* SwiftBow.app */ = {isa = PBXFileReference; explicitFileType = wrapper.application; includeInIndex = 0; path = SwiftBow.app; sourceTree = BUILT_PRODUCTS_DIR; };
		D057A3E8268DBD4900E2E8EF /* AppDelegate.swift */ = {isa = PBXFileReference; lastKnownFileType = sourcecode.swift; path = AppDelegate.swift; sourceTree = "<group>"; };
		D057A3EA268DBD4900E2E8EF /* SceneDelegate.swift */ = {isa = PBXFileReference; lastKnownFileType = sourcecode.swift; path = SceneDelegate.swift; sourceTree = "<group>"; };
		D057A3EC268DBD4900E2E8EF /* ViewController.swift */ = {isa = PBXFileReference; lastKnownFileType = sourcecode.swift; path = ViewController.swift; sourceTree = "<group>"; };
		D057A3EF268DBD4900E2E8EF /* Base */ = {isa = PBXFileReference; lastKnownFileType = file.storyboard; name = Base; path = Base.lproj/Main.storyboard; sourceTree = "<group>"; };
		D057A3F1268DBD4B00E2E8EF /* Assets.xcassets */ = {isa = PBXFileReference; lastKnownFileType = folder.assetcatalog; path = Assets.xcassets; sourceTree = "<group>"; };
		D057A3F4268DBD4B00E2E8EF /* Base */ = {isa = PBXFileReference; lastKnownFileType = file.storyboard; name = Base; path = Base.lproj/LaunchScreen.storyboard; sourceTree = "<group>"; };
		D057A3F6268DBD4B00E2E8EF /* Info.plist */ = {isa = PBXFileReference; lastKnownFileType = text.plist.xml; path = Info.plist; sourceTree = "<group>"; };
/* End PBXFileReference section */

/* Begin PBXFrameworksBuildPhase section */
		D057A3E2268DBD4900E2E8EF /* Frameworks */ = {
			isa = PBXFrameworksBuildPhase;
			buildActionMask = 2147483647;
			files = (
				D057A40B268DBEB800E2E8EF /* BowGenerators in Frameworks */,
				D057A411268DBEB800E2E8EF /* Bow in Frameworks */,
				D057A409268DBEB800E2E8EF /* BowLaws in Frameworks */,
				D057A403268DBEB800E2E8EF /* BowRecursionSchemes in Frameworks */,
				D057A401268DBEB800E2E8EF /* BowEffectsGenerators in Frameworks */,
				D057A413268DBEB800E2E8EF /* BowOptics in Frameworks */,
				D057A3FF268DBEB800E2E8EF /* BowRx in Frameworks */,
				D057A40D268DBEB800E2E8EF /* BowFreeGenerators in Frameworks */,
				D057A417268DBEB800E2E8EF /* BowEffectsLaws in Frameworks */,
				D057A407268DBEB800E2E8EF /* BowEffects in Frameworks */,
				D057A415268DBEB800E2E8EF /* BowFree in Frameworks */,
				D057A405268DBEB800E2E8EF /* BowRxGenerators in Frameworks */,
				D057A40F268DBEB800E2E8EF /* BowOpticsLaws in Frameworks */,
			);
			runOnlyForDeploymentPostprocessing = 0;
		};
/* End PBXFrameworksBuildPhase section */

/* Begin PBXGroup section */
		D057A3DC268DBD4900E2E8EF = {
			isa = PBXGroup;
			children = (
				D057A3E7268DBD4900E2E8EF /* SwiftBow */,
				D057A3E6268DBD4900E2E8EF /* Products */,
			);
			sourceTree = "<group>";
		};
		D057A3E6268DBD4900E2E8EF /* Products */ = {
			isa = PBXGroup;
			children = (
				D057A3E5268DBD4900E2E8EF /* SwiftBow.app */,
			);
			name = Products;
			sourceTree = "<group>";
		};
		D057A3E7268DBD4900E2E8EF /* SwiftBow */ = {
			isa = PBXGroup;
			children = (
				D057A3E8268DBD4900E2E8EF /* AppDelegate.swift */,
				D057A3EA268DBD4900E2E8EF /* SceneDelegate.swift */,
				D057A3EC268DBD4900E2E8EF /* ViewController.swift */,
				D057A3EE268DBD4900E2E8EF /* Main.storyboard */,
				D057A3F1268DBD4B00E2E8EF /* Assets.xcassets */,
				D057A3F3268DBD4B00E2E8EF /* LaunchScreen.storyboard */,
				D057A3F6268DBD4B00E2E8EF /* Info.plist */,
			);
			path = SwiftBow;
			sourceTree = "<group>";
		};
/* End PBXGroup section */

/* Begin PBXNativeTarget section */
		D057A3E4268DBD4900E2E8EF /* SwiftBow */ = {
			isa = PBXNativeTarget;
			buildConfigurationList = D057A3F9268DBD4B00E2E8EF /* Build configuration list for PBXNativeTarget "SwiftBow" */;
			buildPhases = (
				D057A3E1268DBD4900E2E8EF /* Sources */,
				D057A3E2268DBD4900E2E8EF /* Frameworks */,
				D057A3E3268DBD4900E2E8EF /* Resources */,
			);
			buildRules = (
			);
			dependencies = (
			);
			name = SwiftBow;
			packageProductDependencies = (
				D057A3FE268DBEB800E2E8EF /* BowRx */,
				D057A400268DBEB800E2E8EF /* BowEffectsGenerators */,
				D057A402268DBEB800E2E8EF /* BowRecursionSchemes */,
				D057A404268DBEB800E2E8EF /* BowRxGenerators */,
				D057A406268DBEB800E2E8EF /* BowEffects */,
				D057A408268DBEB800E2E8EF /* BowLaws */,
				D057A40A268DBEB800E2E8EF /* BowGenerators */,
				D057A40C268DBEB800E2E8EF /* BowFreeGenerators */,
				D057A40E268DBEB800E2E8EF /* BowOpticsLaws */,
				D057A410268DBEB800E2E8EF /* Bow */,
				D057A412268DBEB800E2E8EF /* BowOptics */,
				D057A414268DBEB800E2E8EF /* BowFree */,
				D057A416268DBEB800E2E8EF /* BowEffectsLaws */,
			);
			productName = SwiftBow;
			productReference = D057A3E5268DBD4900E2E8EF /* SwiftBow.app */;
			productType = "com.apple.product-type.application";
		};
/* End PBXNativeTarget section */

/* Begin PBXProject section */
		D057A3DD268DBD4900E2E8EF /* Project object */ = {
			isa = PBXProject;
			attributes = {
				LastSwiftUpdateCheck = 1220;
				LastUpgradeCheck = 1220;
				TargetAttributes = {
					D057A3E4268DBD4900E2E8EF = {
						CreatedOnToolsVersion = 12.2;
					};
				};
			};
			buildConfigurationList = D057A3E0268DBD4900E2E8EF /* Build configuration list for PBXProject "SwiftBow" */;
			compatibilityVersion = "Xcode 9.3";
			developmentRegion = en;
			hasScannedForEncodings = 0;
			knownRegions = (
				en,
				Base,
			);
			mainGroup = D057A3DC268DBD4900E2E8EF;
			packageReferences = (
				D057A3FD268DBEB800E2E8EF /* XCRemoteSwiftPackageReference "bow" */,
			);
			productRefGroup = D057A3E6268DBD4900E2E8EF /* Products */;
			projectDirPath = "";
			projectRoot = "";
			targets = (
				D057A3E4268DBD4900E2E8EF /* SwiftBow */,
			);
		};
/* End PBXProject section */

/* Begin PBXResourcesBuildPhase section */
		D057A3E3268DBD4900E2E8EF /* Resources */ = {
			isa = PBXResourcesBuildPhase;
			buildActionMask = 2147483647;
			files = (
				D057A3F5268DBD4B00E2E8EF /* LaunchScreen.storyboard in Resources */,
				D057A3F2268DBD4B00E2E8EF /* Assets.xcassets in Resources */,
				D057A3F0268DBD4900E2E8EF /* Main.storyboard in Resources */,
			);
			runOnlyForDeploymentPostprocessing = 0;
		};
/* End PBXResourcesBuildPhase section */

/* Begin PBXSourcesBuildPhase section */
		D057A3E1268DBD4900E2E8EF /* Sources */ = {
			isa = PBXSourcesBuildPhase;
			buildActionMask = 2147483647;
			files = (
				D057A3ED268DBD4900E2E8EF /* ViewController.swift in Sources */,
				D057A3E9268DBD4900E2E8EF /* AppDelegate.swift in Sources */,
				D057A3EB268DBD4900E2E8EF /* SceneDelegate.swift in Sources */,
			);
			runOnlyForDeploymentPostprocessing = 0;
		};
/* End PBXSourcesBuildPhase section */

/* Begin PBXVariantGroup section */
		D057A3EE268DBD4900E2E8EF /* Main.storyboard */ = {
			isa = PBXVariantGroup;
			children = (
				D057A3EF268DBD4900E2E8EF /* Base */,
			);
			name = Main.storyboard;
			sourceTree = "<group>";
		};
		D057A3F3268DBD4B00E2E8EF /* LaunchScreen.storyboard */ = {
			isa = PBXVariantGroup;
			children = (
				D057A3F4268DBD4B00E2E8EF /* Base */,
			);
			name = LaunchScreen.storyboard;
			sourceTree = "<group>";
		};
/* End PBXVariantGroup section */

/* Begin XCBuildConfiguration section */
		D057A3F7268DBD4B00E2E8EF /* Debug */ = {
			isa = XCBuildConfiguration;
			buildSettings = {
				ALWAYS_SEARCH_USER_PATHS = NO;
				CLANG_ANALYZER_NONNULL = YES;
				CLANG_ANALYZER_NUMBER_OBJECT_CONVERSION = YES_AGGRESSIVE;
				CLANG_CXX_LANGUAGE_STANDARD = "gnu++14";
				CLANG_CXX_LIBRARY = "libc++";
				CLANG_ENABLE_MODULES = YES;
				CLANG_ENABLE_OBJC_ARC = YES;
				CLANG_ENABLE_OBJC_WEAK = YES;
				CLANG_WARN_BLOCK_CAPTURE_AUTORELEASING = YES;
				CLANG_WARN_BOOL_CONVERSION = YES;
				CLANG_WARN_COMMA = YES;
				CLANG_WARN_CONSTANT_CONVERSION = YES;
				CLANG_WARN_DEPRECATED_OBJC_IMPLEMENTATIONS = YES;
				CLANG_WARN_DIRECT_OBJC_ISA_USAGE = YES_ERROR;
				CLANG_WARN_DOCUMENTATION_COMMENTS = YES;
				CLANG_WARN_EMPTY_BODY = YES;
				CLANG_WARN_ENUM_CONVERSION = YES;
				CLANG_WARN_INFINITE_RECURSION = YES;
				CLANG_WARN_INT_CONVERSION = YES;
				CLANG_WARN_NON_LITERAL_NULL_CONVERSION = YES;
				CLANG_WARN_OBJC_IMPLICIT_RETAIN_SELF = YES;
				CLANG_WARN_OBJC_LITERAL_CONVERSION = YES;
				CLANG_WARN_OBJC_ROOT_CLASS = YES_ERROR;
				CLANG_WARN_QUOTED_INCLUDE_IN_FRAMEWORK_HEADER = YES;
				CLANG_WARN_RANGE_LOOP_ANALYSIS = YES;
				CLANG_WARN_STRICT_PROTOTYPES = YES;
				CLANG_WARN_SUSPICIOUS_MOVE = YES;
				CLANG_WARN_UNGUARDED_AVAILABILITY = YES_AGGRESSIVE;
				CLANG_WARN_UNREACHABLE_CODE = YES;
				CLANG_WARN__DUPLICATE_METHOD_MATCH = YES;
				COPY_PHASE_STRIP = NO;
				DEBUG_INFORMATION_FORMAT = dwarf;
				ENABLE_STRICT_OBJC_MSGSEND = YES;
				ENABLE_TESTABILITY = YES;
				GCC_C_LANGUAGE_STANDARD = gnu11;
				GCC_DYNAMIC_NO_PIC = NO;
				GCC_NO_COMMON_BLOCKS = YES;
				GCC_OPTIMIZATION_LEVEL = 0;
				GCC_PREPROCESSOR_DEFINITIONS = (
					"DEBUG=1",
					"$(inherited)",
				);
				GCC_WARN_64_TO_32_BIT_CONVERSION = YES;
				GCC_WARN_ABOUT_RETURN_TYPE = YES_ERROR;
				GCC_WARN_UNDECLARED_SELECTOR = YES;
				GCC_WARN_UNINITIALIZED_AUTOS = YES_AGGRESSIVE;
				GCC_WARN_UNUSED_FUNCTION = YES;
				GCC_WARN_UNUSED_VARIABLE = YES;
				IPHONEOS_DEPLOYMENT_TARGET = 14.2;
				MTL_ENABLE_DEBUG_INFO = INCLUDE_SOURCE;
				MTL_FAST_MATH = YES;
				ONLY_ACTIVE_ARCH = YES;
				SDKROOT = iphoneos;
				SWIFT_ACTIVE_COMPILATION_CONDITIONS = DEBUG;
				SWIFT_OPTIMIZATION_LEVEL = "-Onone";
			};
			name = Debug;
		};
		D057A3F8268DBD4B00E2E8EF /* Release */ = {
			isa = XCBuildConfiguration;
			buildSettings = {
				ALWAYS_SEARCH_USER_PATHS = NO;
				CLANG_ANALYZER_NONNULL = YES;
				CLANG_ANALYZER_NUMBER_OBJECT_CONVERSION = YES_AGGRESSIVE;
				CLANG_CXX_LANGUAGE_STANDARD = "gnu++14";
				CLANG_CXX_LIBRARY = "libc++";
				CLANG_ENABLE_MODULES = YES;
				CLANG_ENABLE_OBJC_ARC = YES;
				CLANG_ENABLE_OBJC_WEAK = YES;
				CLANG_WARN_BLOCK_CAPTURE_AUTORELEASING = YES;
				CLANG_WARN_BOOL_CONVERSION = YES;
				CLANG_WARN_COMMA = YES;
				CLANG_WARN_CONSTANT_CONVERSION = YES;
				CLANG_WARN_DEPRECATED_OBJC_IMPLEMENTATIONS = YES;
				CLANG_WARN_DIRECT_OBJC_ISA_USAGE = YES_ERROR;
				CLANG_WARN_DOCUMENTATION_COMMENTS = YES;
				CLANG_WARN_EMPTY_BODY = YES;
				CLANG_WARN_ENUM_CONVERSION = YES;
				CLANG_WARN_INFINITE_RECURSION = YES;
				CLANG_WARN_INT_CONVERSION = YES;
				CLANG_WARN_NON_LITERAL_NULL_CONVERSION = YES;
				CLANG_WARN_OBJC_IMPLICIT_RETAIN_SELF = YES;
				CLANG_WARN_OBJC_LITERAL_CONVERSION = YES;
				CLANG_WARN_OBJC_ROOT_CLASS = YES_ERROR;
				CLANG_WARN_QUOTED_INCLUDE_IN_FRAMEWORK_HEADER = YES;
				CLANG_WARN_RANGE_LOOP_ANALYSIS = YES;
				CLANG_WARN_STRICT_PROTOTYPES = YES;
				CLANG_WARN_SUSPICIOUS_MOVE = YES;
				CLANG_WARN_UNGUARDED_AVAILABILITY = YES_AGGRESSIVE;
				CLANG_WARN_UNREACHABLE_CODE = YES;
				CLANG_WARN__DUPLICATE_METHOD_MATCH = YES;
				COPY_PHASE_STRIP = NO;
				DEBUG_INFORMATION_FORMAT = "dwarf-with-dsym";
				ENABLE_NS_ASSERTIONS = NO;
				ENABLE_STRICT_OBJC_MSGSEND = YES;
				GCC_C_LANGUAGE_STANDARD = gnu11;
				GCC_NO_COMMON_BLOCKS = YES;
				GCC_WARN_64_TO_32_BIT_CONVERSION = YES;
				GCC_WARN_ABOUT_RETURN_TYPE = YES_ERROR;
				GCC_WARN_UNDECLARED_SELECTOR = YES;
				GCC_WARN_UNINITIALIZED_AUTOS = YES_AGGRESSIVE;
				GCC_WARN_UNUSED_FUNCTION = YES;
				GCC_WARN_UNUSED_VARIABLE = YES;
				IPHONEOS_DEPLOYMENT_TARGET = 14.2;
				MTL_ENABLE_DEBUG_INFO = NO;
				MTL_FAST_MATH = YES;
				SDKROOT = iphoneos;
				SWIFT_COMPILATION_MODE = wholemodule;
				SWIFT_OPTIMIZATION_LEVEL = "-O";
				VALIDATE_PRODUCT = YES;
			};
			name = Release;
		};
		D057A3FA268DBD4B00E2E8EF /* Debug */ = {
			isa = XCBuildConfiguration;
			buildSettings = {
				ASSETCATALOG_COMPILER_APPICON_NAME = AppIcon;
				ASSETCATALOG_COMPILER_GLOBAL_ACCENT_COLOR_NAME = AccentColor;
				CODE_SIGN_STYLE = Automatic;
				DEVELOPMENT_TEAM = BZ5TH27JSP;
				INFOPLIST_FILE = SwiftBow/Info.plist;
				LD_RUNPATH_SEARCH_PATHS = (
					"$(inherited)",
					"@executable_path/Frameworks",
				);
				PRODUCT_BUNDLE_IDENTIFIER = thond.SwiftBow;
				PRODUCT_NAME = "$(TARGET_NAME)";
				SWIFT_VERSION = 5.0;
				TARGETED_DEVICE_FAMILY = "1,2";
			};
			name = Debug;
		};
		D057A3FB268DBD4B00E2E8EF /* Release */ = {
			isa = XCBuildConfiguration;
			buildSettings = {
				ASSETCATALOG_COMPILER_APPICON_NAME = AppIcon;
				ASSETCATALOG_COMPILER_GLOBAL_ACCENT_COLOR_NAME = AccentColor;
				CODE_SIGN_STYLE = Automatic;
				DEVELOPMENT_TEAM = BZ5TH27JSP;
				INFOPLIST_FILE = SwiftBow/Info.plist;
				LD_RUNPATH_SEARCH_PATHS = (
					"$(inherited)",
					"@executable_path/Frameworks",
				);
				PRODUCT_BUNDLE_IDENTIFIER = thond.SwiftBow;
				PRODUCT_NAME = "$(TARGET_NAME)";
				SWIFT_VERSION = 5.0;
				TARGETED_DEVICE_FAMILY = "1,2";
			};
			name = Release;
		};
/* End XCBuildConfiguration section */

/* Begin XCConfigurationList section */
		D057A3E0268DBD4900E2E8EF /* Build configuration list for PBXProject "SwiftBow" */ = {
			isa = XCConfigurationList;
			buildConfigurations = (
				D057A3F7268DBD4B00E2E8EF /* Debug */,
				D057A3F8268DBD4B00E2E8EF /* Release */,
			);
			defaultConfigurationIsVisible = 0;
			defaultConfigurationName = Release;
		};
		D057A3F9268DBD4B00E2E8EF /* Build configuration list for PBXNativeTarget "SwiftBow" */ = {
			isa = XCConfigurationList;
			buildConfigurations = (
				D057A3FA268DBD4B00E2E8EF /* Debug */,
				D057A3FB268DBD4B00E2E8EF /* Release */,
			);
			defaultConfigurationIsVisible = 0;
			defaultConfigurationName = Release;
		};
/* End XCConfigurationList section */

/* Begin XCRemoteSwiftPackageReference section */
		D057A3FD268DBEB800E2E8EF /* XCRemoteSwiftPackageReference "bow" */ = {
			isa = XCRemoteSwiftPackageReference;
			repositoryURL = "https://github.com/bow-swift/bow";
			requirement = {
				kind = upToNextMajorVersion;
				minimumVersion = 0.8.0;
			};
		};
/* End XCRemoteSwiftPackageReference section */

/* Begin XCSwiftPackageProductDependency section */
		D057A3FE268DBEB800E2E8EF /* BowRx */ = {
			isa = XCSwiftPackageProductDependency;
			package = D057A3FD268DBEB800E2E8EF /* XCRemoteSwiftPackageReference "bow" */;
			productName = BowRx;
		};
		D057A400268DBEB800E2E8EF /* BowEffectsGenerators */ = {
			isa = XCSwiftPackageProductDependency;
			package = D057A3FD268DBEB800E2E8EF /* XCRemoteSwiftPackageReference "bow" */;
			productName = BowEffectsGenerators;
		};
		D057A402268DBEB800E2E8EF /* BowRecursionSchemes */ = {
			isa = XCSwiftPackageProductDependency;
			package = D057A3FD268DBEB800E2E8EF /* XCRemoteSwiftPackageReference "bow" */;
			productName = BowRecursionSchemes;
		};
		D057A404268DBEB800E2E8EF /* BowRxGenerators */ = {
			isa = XCSwiftPackageProductDependency;
			package = D057A3FD268DBEB800E2E8EF /* XCRemoteSwiftPackageReference "bow" */;
			productName = BowRxGenerators;
		};
		D057A406268DBEB800E2E8EF /* BowEffects */ = {
			isa = XCSwiftPackageProductDependency;
			package = D057A3FD268DBEB800E2E8EF /* XCRemoteSwiftPackageReference "bow" */;
			productName = BowEffects;
		};
		D057A408268DBEB800E2E8EF /* BowLaws */ = {
			isa = XCSwiftPackageProductDependency;
			package = D057A3FD268DBEB800E2E8EF /* XCRemoteSwiftPackageReference "bow" */;
			productName = BowLaws;
		};
		D057A40A268DBEB800E2E8EF /* BowGenerators */ = {
			isa = XCSwiftPackageProductDependency;
			package = D057A3FD268DBEB800E2E8EF /* XCRemoteSwiftPackageReference "bow" */;
			productName = BowGenerators;
		};
		D057A40C268DBEB800E2E8EF /* BowFreeGenerators */ = {
			isa = XCSwiftPackageProductDependency;
			package = D057A3FD268DBEB800E2E8EF /* XCRemoteSwiftPackageReference "bow" */;
			productName = BowFreeGenerators;
		};
		D057A40E268DBEB800E2E8EF /* BowOpticsLaws */ = {
			isa = XCSwiftPackageProductDependency;
			package = D057A3FD268DBEB800E2E8EF /* XCRemoteSwiftPackageReference "bow" */;
			productName = BowOpticsLaws;
		};
		D057A410268DBEB800E2E8EF /* Bow */ = {
			isa = XCSwiftPackageProductDependency;
			package = D057A3FD268DBEB800E2E8EF /* XCRemoteSwiftPackageReference "bow" */;
			productName = Bow;
		};
		D057A412268DBEB800E2E8EF /* BowOptics */ = {
			isa = XCSwiftPackageProductDependency;
			package = D057A3FD268DBEB800E2E8EF /* XCRemoteSwiftPackageReference "bow" */;
			productName = BowOptics;
		};
		D057A414268DBEB800E2E8EF /* BowFree */ = {
			isa = XCSwiftPackageProductDependency;
			package = D057A3FD268DBEB800E2E8EF /* XCRemoteSwiftPackageReference "bow" */;
			productName = BowFree;
		};
		D057A416268DBEB800E2E8EF /* BowEffectsLaws */ = {
			isa = XCSwiftPackageProductDependency;
			package = D057A3FD268DBEB800E2E8EF /* XCRemoteSwiftPackageReference "bow" */;
			productName = BowEffectsLaws;
		};
/* End XCSwiftPackageProductDependency section */
	};
	rootObject = D057A3DD268DBD4900E2E8EF /* Project object */;
}
